// !$*UTF8*$!
{
	archiveVersion = 1;
	classes = {
	};
	objectVersion = 46;
	objects = {

/* Begin PBXBuildFile section */
		C200BC621DF97B5A00BB9EA8 /* FDCityCollectionViewCell.m in Sources */ = {isa = PBXBuildFile; fileRef = C200BC611DF97B5A00BB9EA8 /* FDCityCollectionViewCell.m */; };
		C200BC651DF9802E00BB9EA8 /* FDCityCollectionViewHeader.m in Sources */ = {isa = PBXBuildFile; fileRef = C200BC641DF9802E00BB9EA8 /* FDCityCollectionViewHeader.m */; };
		C21EB5CA1DF26F8B00A5C595 /* FDSuggestionTableViewCell.m in Sources */ = {isa = PBXBuildFile; fileRef = C21EB5C91DF26F8B00A5C595 /* FDSuggestionTableViewCell.m */; };
		C21FCB5A1E08FAC000534A80 /* libSocialEmail.a in Frameworks */ = {isa = PBXBuildFile; fileRef = C21FCB311E08FAC000534A80 /* libSocialEmail.a */; };
		C21FCB5B1E08FAC000534A80 /* libSocialQQ.a in Frameworks */ = {isa = PBXBuildFile; fileRef = C21FCB341E08FAC000534A80 /* libSocialQQ.a */; };
		C21FCB5C1E08FAC000534A80 /* TencentOpenAPI.framework in Frameworks */ = {isa = PBXBuildFile; fileRef = C21FCB351E08FAC000534A80 /* TencentOpenAPI.framework */; };
		C21FCB5D1E08FAC000534A80 /* TencentOpenApi_IOS_Bundle.bundle in Resources */ = {isa = PBXBuildFile; fileRef = C21FCB361E08FAC000534A80 /* TencentOpenApi_IOS_Bundle.bundle */; };
		C21FCB5E1E08FAC000534A80 /* libSocialSina.a in Frameworks */ = {isa = PBXBuildFile; fileRef = C21FCB391E08FAC000534A80 /* libSocialSina.a */; };
		C21FCB5F1E08FAC000534A80 /* libWeiboSDK.a in Frameworks */ = {isa = PBXBuildFile; fileRef = C21FCB3A1E08FAC000534A80 /* libWeiboSDK.a */; };
		C21FCB601E08FAC000534A80 /* WeiboSDK.bundle in Resources */ = {isa = PBXBuildFile; fileRef = C21FCB451E08FAC000534A80 /* WeiboSDK.bundle */; };
		C21FCB611E08FAC000534A80 /* libSocialSMS.a in Frameworks */ = {isa = PBXBuildFile; fileRef = C21FCB491E08FAC000534A80 /* libSocialSMS.a */; };
		C21FCB621E08FAC000534A80 /* libSocialWeChat.a in Frameworks */ = {isa = PBXBuildFile; fileRef = C21FCB4C1E08FAC000534A80 /* libSocialWeChat.a */; };
		C21FCB631E08FAC000534A80 /* libWeChatSDK.a in Frameworks */ = {isa = PBXBuildFile; fileRef = C21FCB4D1E08FAC000534A80 /* libWeChatSDK.a */; };
		C21FCB641E08FAC000534A80 /* read_me.txt in Resources */ = {isa = PBXBuildFile; fileRef = C21FCB4E1E08FAC000534A80 /* read_me.txt */; };
		C21FCB651E08FAC000534A80 /* README.txt in Resources */ = {isa = PBXBuildFile; fileRef = C21FCB4F1E08FAC000534A80 /* README.txt */; };
		C21FCB661E08FAC000534A80 /* UMSocialCore.framework in Frameworks */ = {isa = PBXBuildFile; fileRef = C21FCB551E08FAC000534A80 /* UMSocialCore.framework */; };
		C21FCB671E08FAC000534A80 /* UMSocialNetwork.framework in Frameworks */ = {isa = PBXBuildFile; fileRef = C21FCB561E08FAC000534A80 /* UMSocialNetwork.framework */; };
		C21FCB681E08FAC000534A80 /* UMSocialSDKResources.bundle in Resources */ = {isa = PBXBuildFile; fileRef = C21FCB581E08FAC000534A80 /* UMSocialSDKResources.bundle */; };
		C21FCB691E08FAC000534A80 /* UShareUI.framework in Frameworks */ = {isa = PBXBuildFile; fileRef = C21FCB591E08FAC000534A80 /* UShareUI.framework */; };
		C240210F1E08C9390064CE01 /* libsqlite3.tbd in Frameworks */ = {isa = PBXBuildFile; fileRef = C240210E1E08C9390064CE01 /* libsqlite3.tbd */; };
		C24021111E08C95D0064CE01 /* ImageIO.framework in Frameworks */ = {isa = PBXBuildFile; fileRef = C24021101E08C95D0064CE01 /* ImageIO.framework */; };
		C24021151E08DE870064CE01 /* FDHudView.m in Sources */ = {isa = PBXBuildFile; fileRef = C24021141E08DE870064CE01 /* FDHudView.m */; };
		C26C8A281DF2B353009BF06C /* FDUtils.m in Sources */ = {isa = PBXBuildFile; fileRef = C26C8A271DF2B353009BF06C /* FDUtils.m */; };
		C27D46511DFA4E5F00707F76 /* hotcity.json in Resources */ = {isa = PBXBuildFile; fileRef = C27D46501DFA4E5F00707F76 /* hotcity.json */; };
		C27D465E1DFA72AD00707F76 /* FDDefaultView.m in Sources */ = {isa = PBXBuildFile; fileRef = C27D465D1DFA72AD00707F76 /* FDDefaultView.m */; };
		C2827F9B1E07A377005B277F /* city.xml in Resources */ = {isa = PBXBuildFile; fileRef = C2827F981E07A377005B277F /* city.xml */; };
		C2827F9C1E07A377005B277F /* province.xml in Resources */ = {isa = PBXBuildFile; fileRef = C2827F991E07A377005B277F /* province.xml */; };
		C2827F9D1E07A377005B277F /* county.xml in Resources */ = {isa = PBXBuildFile; fileRef = C2827F9A1E07A377005B277F /* county.xml */; };
		C2827FA01E07BC34005B277F /* FDCity.m in Sources */ = {isa = PBXBuildFile; fileRef = C2827F9F1E07BC34005B277F /* FDCity.m */; };
		C2827FA31E07BD02005B277F /* FDForecastItemHour.m in Sources */ = {isa = PBXBuildFile; fileRef = C2827FA21E07BD02005B277F /* FDForecastItemHour.m */; };
		C2827FA71E07BD1D005B277F /* FDForecastItemDate.m in Sources */ = {isa = PBXBuildFile; fileRef = C2827FA61E07BD1D005B277F /* FDForecastItemDate.m */; };
		C2827FAA1E07BDE2005B277F /* FDAqi.m in Sources */ = {isa = PBXBuildFile; fileRef = C2827FA91E07BDE2005B277F /* FDAqi.m */; };
		C28E79B41DF0FFB800E2C517 /* FDIconLabelView.m in Sources */ = {isa = PBXBuildFile; fileRef = C28E79B31DF0FFB800E2C517 /* FDIconLabelView.m */; };
		C28E79B71DF1067E00E2C517 /* FDTodayWeatherTableViewCell.m in Sources */ = {isa = PBXBuildFile; fileRef = C28E79B61DF1067E00E2C517 /* FDTodayWeatherTableViewCell.m */; };
		C28E79B91DF10AD500E2C517 /* SanFranciscoDisplay-Bold.otf in Resources */ = {isa = PBXBuildFile; fileRef = C28E79B81DF10AD500E2C517 /* SanFranciscoDisplay-Bold.otf */; };
		C28E79BC1DF113E200E2C517 /* FDForecastWeatherTableViewCell.m in Sources */ = {isa = PBXBuildFile; fileRef = C28E79BB1DF113E200E2C517 /* FDForecastWeatherTableViewCell.m */; };
		C28E79BF1DF115FF00E2C517 /* FDChartView.m in Sources */ = {isa = PBXBuildFile; fileRef = C28E79BE1DF115FF00E2C517 /* FDChartView.m */; };
		C29F50C41DF6CB42001A92E3 /* FDEditCityCollectionViewCell.m in Sources */ = {isa = PBXBuildFile; fileRef = C29F50C31DF6CB42001A92E3 /* FDEditCityCollectionViewCell.m */; };
		C29F50C61DF6D218001A92E3 /* FDConstants.m in Sources */ = {isa = PBXBuildFile; fileRef = C29F50C51DF6D218001A92E3 /* FDConstants.m */; };
		C2A2079F1E03BBB2000028AB /* NSString+Util.m in Sources */ = {isa = PBXBuildFile; fileRef = C2A2079E1E03BBB2000028AB /* NSString+Util.m */; };
		C2A207A31E03CBD7000028AB /* FDQueryCityOperation.m in Sources */ = {isa = PBXBuildFile; fileRef = C2A207A21E03CBD7000028AB /* FDQueryCityOperation.m */; };
		C2A3DC2B1DF9323E00829575 /* FDDeleteButton.m in Sources */ = {isa = PBXBuildFile; fileRef = C2A3DC2A1DF9323E00829575 /* FDDeleteButton.m */; };
		C2A705F81DF946EE00110C96 /* FDMainCollectionViewCell.m in Sources */ = {isa = PBXBuildFile; fileRef = C2A705F71DF946EE00110C96 /* FDMainCollectionViewCell.m */; };
		C2A706051DF95C9300110C96 /* FdAddCotyCollectionViewCell.m in Sources */ = {isa = PBXBuildFile; fileRef = C2A706041DF95C9300110C96 /* FdAddCotyCollectionViewCell.m */; };
		C2B200131DF03B1900C1CD77 /* Info.plist in Resources */ = {isa = PBXBuildFile; fileRef = C2B2FFF91DF03B1900C1CD77 /* Info.plist */; };
		C2B200141DF03B1900C1CD77 /* MASCompositeConstraint.m in Sources */ = {isa = PBXBuildFile; fileRef = C2B2FFFB1DF03B1900C1CD77 /* MASCompositeConstraint.m */; };
		C2B200151DF03B1900C1CD77 /* MASConstraint.m in Sources */ = {isa = PBXBuildFile; fileRef = C2B2FFFE1DF03B1900C1CD77 /* MASConstraint.m */; };
		C2B200161DF03B1900C1CD77 /* MASConstraintMaker.m in Sources */ = {isa = PBXBuildFile; fileRef = C2B200001DF03B1900C1CD77 /* MASConstraintMaker.m */; };
		C2B200171DF03B1900C1CD77 /* MASLayoutConstraint.m in Sources */ = {isa = PBXBuildFile; fileRef = C2B200021DF03B1900C1CD77 /* MASLayoutConstraint.m */; };
		C2B200181DF03B1900C1CD77 /* MASViewAttribute.m in Sources */ = {isa = PBXBuildFile; fileRef = C2B200061DF03B1900C1CD77 /* MASViewAttribute.m */; };
		C2B200191DF03B1900C1CD77 /* MASViewConstraint.m in Sources */ = {isa = PBXBuildFile; fileRef = C2B200081DF03B1900C1CD77 /* MASViewConstraint.m */; };
		C2B2001A1DF03B1900C1CD77 /* NSArray+MASAdditions.m in Sources */ = {isa = PBXBuildFile; fileRef = C2B2000A1DF03B1900C1CD77 /* NSArray+MASAdditions.m */; };
		C2B2001B1DF03B1900C1CD77 /* NSLayoutConstraint+MASDebugAdditions.m in Sources */ = {isa = PBXBuildFile; fileRef = C2B2000D1DF03B1900C1CD77 /* NSLayoutConstraint+MASDebugAdditions.m */; };
		C2B2001C1DF03B1900C1CD77 /* View+MASAdditions.m in Sources */ = {isa = PBXBuildFile; fileRef = C2B2000F1DF03B1900C1CD77 /* View+MASAdditions.m */; };
		C2B2001D1DF03B1900C1CD77 /* ViewController+MASAdditions.m in Sources */ = {isa = PBXBuildFile; fileRef = C2B200121DF03B1900C1CD77 /* ViewController+MASAdditions.m */; };
		C2B2FFA01DEFF52F00C1CD77 /* main.m in Sources */ = {isa = PBXBuildFile; fileRef = C2B2FF9F1DEFF52F00C1CD77 /* main.m */; };
		C2B2FFA31DEFF52F00C1CD77 /* AppDelegate.m in Sources */ = {isa = PBXBuildFile; fileRef = C2B2FFA21DEFF52F00C1CD77 /* AppDelegate.m */; };
		C2B2FFA61DEFF52F00C1CD77 /* ViewController.m in Sources */ = {isa = PBXBuildFile; fileRef = C2B2FFA51DEFF52F00C1CD77 /* ViewController.m */; };
		C2B2FFA91DEFF52F00C1CD77 /* Main.storyboard in Resources */ = {isa = PBXBuildFile; fileRef = C2B2FFA71DEFF52F00C1CD77 /* Main.storyboard */; };
		C2B2FFAB1DEFF52F00C1CD77 /* Assets.xcassets in Resources */ = {isa = PBXBuildFile; fileRef = C2B2FFAA1DEFF52F00C1CD77 /* Assets.xcassets */; };
		C2B2FFAE1DEFF52F00C1CD77 /* LaunchScreen.storyboard in Resources */ = {isa = PBXBuildFile; fileRef = C2B2FFAC1DEFF52F00C1CD77 /* LaunchScreen.storyboard */; };
		C2B2FFB91DEFF52F00C1CD77 /* FirstDemoTests.m in Sources */ = {isa = PBXBuildFile; fileRef = C2B2FFB81DEFF52F00C1CD77 /* FirstDemoTests.m */; };
		C2B2FFD21DF0183900C1CD77 /* UIColor+FDColor.m in Sources */ = {isa = PBXBuildFile; fileRef = C2B2FFD11DF0183900C1CD77 /* UIColor+FDColor.m */; };
		C2B2FFD51DF0186B00C1CD77 /* UILabel+FDLabel.m in Sources */ = {isa = PBXBuildFile; fileRef = C2B2FFD41DF0186B00C1CD77 /* UILabel+FDLabel.m */; };
		C2B2FFD91DF01AB800C1CD77 /* FDGradientView.m in Sources */ = {isa = PBXBuildFile; fileRef = C2B2FFD81DF01AB800C1CD77 /* FDGradientView.m */; };
		C2B2FFDD1DF0270000C1CD77 /* SanFranciscoDisplay-Ultralight.otf in Resources */ = {isa = PBXBuildFile; fileRef = C2B2FFDC1DF0270000C1CD77 /* SanFranciscoDisplay-Ultralight.otf */; };
		C2B2FFDF1DF0277500C1CD77 /* SanFranciscoDisplay-Regular.otf in Resources */ = {isa = PBXBuildFile; fileRef = C2B2FFDE1DF0277500C1CD77 /* SanFranciscoDisplay-Regular.otf */; };
		C2B2FFE21DF02A5700C1CD77 /* UIImageView+FDImageView.m in Sources */ = {isa = PBXBuildFile; fileRef = C2B2FFE11DF02A5700C1CD77 /* UIImageView+FDImageView.m */; };
		C2B2FFE51DF02EAA00C1CD77 /* FDSuggestionCollectionViewCell.m in Sources */ = {isa = PBXBuildFile; fileRef = C2B2FFE41DF02EAA00C1CD77 /* FDSuggestionCollectionViewCell.m */; };
		C2B2FFEA1DF032FB00C1CD77 /* FDTodayWeatherCollectionViewCell.m in Sources */ = {isa = PBXBuildFile; fileRef = C2B2FFE91DF032FB00C1CD77 /* FDTodayWeatherCollectionViewCell.m */; };
		C2B2FFED1DF0333200C1CD77 /* FDForecastWeatherCollectionViewCell.m in Sources */ = {isa = PBXBuildFile; fileRef = C2B2FFEC1DF0333200C1CD77 /* FDForecastWeatherCollectionViewCell.m */; };
		C2B2FFF61DF0373C00C1CD77 /* UIView+FDIconLabelView.m in Sources */ = {isa = PBXBuildFile; fileRef = C2B2FFF51DF0373C00C1CD77 /* UIView+FDIconLabelView.m */; };
		C2C934841DF6ADFB00590921 /* FDSwitchCityButton.m in Sources */ = {isa = PBXBuildFile; fileRef = C2C934831DF6ADFB00590921 /* FDSwitchCityButton.m */; };
		C2C9348A1DF6B6FC00590921 /* FDManageCityViewController.m in Sources */ = {isa = PBXBuildFile; fileRef = C2C934891DF6B6FC00590921 /* FDManageCityViewController.m */; };
		C2C9348D1DF6B85E00590921 /* FDNavigationController.m in Sources */ = {isa = PBXBuildFile; fileRef = C2C9348C1DF6B85E00590921 /* FDNavigationController.m */; };
		C2C934921DF6BF4F00590921 /* FDEditCityFlowLayout.m in Sources */ = {isa = PBXBuildFile; fileRef = C2C934911DF6BF4F00590921 /* FDEditCityFlowLayout.m */; };
		C2C934951DF6C1E100590921 /* FDDeleteDecorationView.m in Sources */ = {isa = PBXBuildFile; fileRef = C2C934941DF6C1E100590921 /* FDDeleteDecorationView.m */; };
		C2D7C64A1DF9621600F1D0B8 /* FDSelectCityViewController.m in Sources */ = {isa = PBXBuildFile; fileRef = C2D7C6491DF9621600F1D0B8 /* FDSelectCityViewController.m */; };
		C2DCBF651DF15F0600D73815 /* FDSunriseTableViewCell.m in Sources */ = {isa = PBXBuildFile; fileRef = C2DCBF641DF15F0600D73815 /* FDSunriseTableViewCell.m */; };
		C2DCBF681DF16B7100D73815 /* FDCurrentWeatherTableViewCell.m in Sources */ = {isa = PBXBuildFile; fileRef = C2DCBF671DF16B7100D73815 /* FDCurrentWeatherTableViewCell.m */; };
		C2DCBF6E1DF17E2600D73815 /* FDTableViewCell.m in Sources */ = {isa = PBXBuildFile; fileRef = C2DCBF6D1DF17E2600D73815 /* FDTableViewCell.m */; };
		C2DE49261DFE367B0001A4D5 /* AMapFoundationKit.framework in Frameworks */ = {isa = PBXBuildFile; fileRef = C2DE49241DFE367A0001A4D5 /* AMapFoundationKit.framework */; };
		C2DE49271DFE367B0001A4D5 /* AMapLocationKit.framework in Frameworks */ = {isa = PBXBuildFile; fileRef = C2DE49251DFE367A0001A4D5 /* AMapLocationKit.framework */; };
		C2DE492B1DFE37640001A4D5 /* JavaScriptCore.framework in Frameworks */ = {isa = PBXBuildFile; fileRef = C2DE492A1DFE37640001A4D5 /* JavaScriptCore.framework */; };
		C2DE492D1DFE376F0001A4D5 /* SystemConfiguration.framework in Frameworks */ = {isa = PBXBuildFile; fileRef = C2DE492C1DFE376F0001A4D5 /* SystemConfiguration.framework */; };
		C2DE492F1DFE37910001A4D5 /* libz.tbd in Frameworks */ = {isa = PBXBuildFile; fileRef = C2DE492E1DFE37910001A4D5 /* libz.tbd */; };
		C2DE49311DFE379D0001A4D5 /* libc++.tbd in Frameworks */ = {isa = PBXBuildFile; fileRef = C2DE49301DFE379D0001A4D5 /* libc++.tbd */; };
		C2DE49331DFE37AB0001A4D5 /* libstdc++.6.0.9.tbd in Frameworks */ = {isa = PBXBuildFile; fileRef = C2DE49321DFE37AB0001A4D5 /* libstdc++.6.0.9.tbd */; };
		C2DE49351DFE37BA0001A4D5 /* Security.framework in Frameworks */ = {isa = PBXBuildFile; fileRef = C2DE49341DFE37BA0001A4D5 /* Security.framework */; };
		C2DE49371DFE37D90001A4D5 /* CoreTelephony.framework in Frameworks */ = {isa = PBXBuildFile; fileRef = C2DE49361DFE37D90001A4D5 /* CoreTelephony.framework */; };
		C2E652571DF1335F008A5B7F /* FDSunriseView.m in Sources */ = {isa = PBXBuildFile; fileRef = C2E652561DF1335F008A5B7F /* FDSunriseView.m */; };
		C2F018DE1E0A869E00CC3EC3 /* UIView+OldSchoolSnapshots.m in Sources */ = {isa = PBXBuildFile; fileRef = C2F018DD1E0A869E00CC3EC3 /* UIView+OldSchoolSnapshots.m */; };
/* End PBXBuildFile section */

/* Begin PBXContainerItemProxy section */
		C2B2FFB51DEFF52F00C1CD77 /* PBXContainerItemProxy */ = {
			isa = PBXContainerItemProxy;
			containerPortal = C2B2FF931DEFF52F00C1CD77 /* Project object */;
			proxyType = 1;
			remoteGlobalIDString = C2B2FF9A1DEFF52F00C1CD77;
			remoteInfo = FirstDemo;
		};
/* End PBXContainerItemProxy section */

/* Begin PBXFileReference section */
		C200BC601DF97B5A00BB9EA8 /* FDCityCollectionViewCell.h */ = {isa = PBXFileReference; fileEncoding = 4; lastKnownFileType = sourcecode.c.h; path = FDCityCollectionViewCell.h; sourceTree = "<group>"; };
		C200BC611DF97B5A00BB9EA8 /* FDCityCollectionViewCell.m */ = {isa = PBXFileReference; fileEncoding = 4; lastKnownFileType = sourcecode.c.objc; path = FDCityCollectionViewCell.m; sourceTree = "<group>"; };
		C200BC631DF9802E00BB9EA8 /* FDCityCollectionViewHeader.h */ = {isa = PBXFileReference; fileEncoding = 4; lastKnownFileType = sourcecode.c.h; path = FDCityCollectionViewHeader.h; sourceTree = "<group>"; };
		C200BC641DF9802E00BB9EA8 /* FDCityCollectionViewHeader.m */ = {isa = PBXFileReference; fileEncoding = 4; lastKnownFileType = sourcecode.c.objc; path = FDCityCollectionViewHeader.m; sourceTree = "<group>"; };
		C21EB5C81DF26F8B00A5C595 /* FDSuggestionTableViewCell.h */ = {isa = PBXFileReference; fileEncoding = 4; lastKnownFileType = sourcecode.c.h; path = FDSuggestionTableViewCell.h; sourceTree = "<group>"; };
		C21EB5C91DF26F8B00A5C595 /* FDSuggestionTableViewCell.m */ = {isa = PBXFileReference; fileEncoding = 4; lastKnownFileType = sourcecode.c.objc; path = FDSuggestionTableViewCell.m; sourceTree = "<group>"; };
		C21FCB311E08FAC000534A80 /* libSocialEmail.a */ = {isa = PBXFileReference; lastKnownFileType = archive.ar; path = libSocialEmail.a; sourceTree = "<group>"; };
		C21FCB321E08FAC000534A80 /* UMSocialEmailHandler.h */ = {isa = PBXFileReference; fileEncoding = 4; lastKnownFileType = sourcecode.c.h; path = UMSocialEmailHandler.h; sourceTree = "<group>"; };
		C21FCB341E08FAC000534A80 /* libSocialQQ.a */ = {isa = PBXFileReference; lastKnownFileType = archive.ar; path = libSocialQQ.a; sourceTree = "<group>"; };
		C21FCB351E08FAC000534A80 /* TencentOpenAPI.framework */ = {isa = PBXFileReference; lastKnownFileType = wrapper.framework; path = TencentOpenAPI.framework; sourceTree = "<group>"; };
		C21FCB361E08FAC000534A80 /* TencentOpenApi_IOS_Bundle.bundle */ = {isa = PBXFileReference; lastKnownFileType = "wrapper.plug-in"; path = TencentOpenApi_IOS_Bundle.bundle; sourceTree = "<group>"; };
		C21FCB371E08FAC000534A80 /* UMSocialQQHandler.h */ = {isa = PBXFileReference; fileEncoding = 4; lastKnownFileType = sourcecode.c.h; path = UMSocialQQHandler.h; sourceTree = "<group>"; };
		C21FCB391E08FAC000534A80 /* libSocialSina.a */ = {isa = PBXFileReference; lastKnownFileType = archive.ar; path = libSocialSina.a; sourceTree = "<group>"; };
		C21FCB3A1E08FAC000534A80 /* libWeiboSDK.a */ = {isa = PBXFileReference; lastKnownFileType = archive.ar; path = libWeiboSDK.a; sourceTree = "<group>"; };
		C21FCB3B1E08FAC000534A80 /* UMSocialSinaHandler.h */ = {isa = PBXFileReference; fileEncoding = 4; lastKnownFileType = sourcecode.c.h; path = UMSocialSinaHandler.h; sourceTree = "<group>"; };
		C21FCB3C1E08FAC000534A80 /* WBHttpRequest+WeiboGame.h */ = {isa = PBXFileReference; fileEncoding = 4; lastKnownFileType = sourcecode.c.h; path = "WBHttpRequest+WeiboGame.h"; sourceTree = "<group>"; };
		C21FCB3D1E08FAC000534A80 /* WBHttpRequest+WeiboShare.h */ = {isa = PBXFileReference; fileEncoding = 4; lastKnownFileType = sourcecode.c.h; path = "WBHttpRequest+WeiboShare.h"; sourceTree = "<group>"; };
		C21FCB3E1E08FAC000534A80 /* WBHttpRequest+WeiboToken.h */ = {isa = PBXFileReference; fileEncoding = 4; lastKnownFileType = sourcecode.c.h; path = "WBHttpRequest+WeiboToken.h"; sourceTree = "<group>"; };
		C21FCB3F1E08FAC000534A80 /* WBHttpRequest+WeiboUser.h */ = {isa = PBXFileReference; fileEncoding = 4; lastKnownFileType = sourcecode.c.h; path = "WBHttpRequest+WeiboUser.h"; sourceTree = "<group>"; };
		C21FCB401E08FAC000534A80 /* WBHttpRequest.h */ = {isa = PBXFileReference; fileEncoding = 4; lastKnownFileType = sourcecode.c.h; path = WBHttpRequest.h; sourceTree = "<group>"; };
		C21FCB411E08FAC000534A80 /* WBSDKBasicButton.h */ = {isa = PBXFileReference; fileEncoding = 4; lastKnownFileType = sourcecode.c.h; path = WBSDKBasicButton.h; sourceTree = "<group>"; };
		C21FCB421E08FAC000534A80 /* WBSDKCommentButton.h */ = {isa = PBXFileReference; fileEncoding = 4; lastKnownFileType = sourcecode.c.h; path = WBSDKCommentButton.h; sourceTree = "<group>"; };
		C21FCB431E08FAC000534A80 /* WBSDKRelationshipButton.h */ = {isa = PBXFileReference; fileEncoding = 4; lastKnownFileType = sourcecode.c.h; path = WBSDKRelationshipButton.h; sourceTree = "<group>"; };
		C21FCB441E08FAC000534A80 /* WeiboSDK+Statistics.h */ = {isa = PBXFileReference; fileEncoding = 4; lastKnownFileType = sourcecode.c.h; path = "WeiboSDK+Statistics.h"; sourceTree = "<group>"; };
		C21FCB451E08FAC000534A80 /* WeiboSDK.bundle */ = {isa = PBXFileReference; lastKnownFileType = "wrapper.plug-in"; path = WeiboSDK.bundle; sourceTree = "<group>"; };
		C21FCB461E08FAC000534A80 /* WeiboSDK.h */ = {isa = PBXFileReference; fileEncoding = 4; lastKnownFileType = sourcecode.c.h; path = WeiboSDK.h; sourceTree = "<group>"; };
		C21FCB471E08FAC000534A80 /* WeiboUser.h */ = {isa = PBXFileReference; fileEncoding = 4; lastKnownFileType = sourcecode.c.h; path = WeiboUser.h; sourceTree = "<group>"; };
		C21FCB491E08FAC000534A80 /* libSocialSMS.a */ = {isa = PBXFileReference; lastKnownFileType = archive.ar; path = libSocialSMS.a; sourceTree = "<group>"; };
		C21FCB4A1E08FAC000534A80 /* UMSocialSmsHandler.h */ = {isa = PBXFileReference; fileEncoding = 4; lastKnownFileType = sourcecode.c.h; path = UMSocialSmsHandler.h; sourceTree = "<group>"; };
		C21FCB4C1E08FAC000534A80 /* libSocialWeChat.a */ = {isa = PBXFileReference; lastKnownFileType = archive.ar; path = libSocialWeChat.a; sourceTree = "<group>"; };
		C21FCB4D1E08FAC000534A80 /* libWeChatSDK.a */ = {isa = PBXFileReference; lastKnownFileType = archive.ar; path = libWeChatSDK.a; sourceTree = "<group>"; };
		C21FCB4E1E08FAC000534A80 /* read_me.txt */ = {isa = PBXFileReference; fileEncoding = 4; lastKnownFileType = text; path = read_me.txt; sourceTree = "<group>"; };
		C21FCB4F1E08FAC000534A80 /* README.txt */ = {isa = PBXFileReference; fileEncoding = 4; lastKnownFileType = text; path = README.txt; sourceTree = "<group>"; };
		C21FCB501E08FAC000534A80 /* UMSocialWechatHandler.h */ = {isa = PBXFileReference; fileEncoding = 4; lastKnownFileType = sourcecode.c.h; path = UMSocialWechatHandler.h; sourceTree = "<group>"; };
		C21FCB511E08FAC000534A80 /* WechatAuthSDK.h */ = {isa = PBXFileReference; fileEncoding = 4; lastKnownFileType = sourcecode.c.h; path = WechatAuthSDK.h; sourceTree = "<group>"; };
		C21FCB521E08FAC000534A80 /* WXApi.h */ = {isa = PBXFileReference; fileEncoding = 4; lastKnownFileType = sourcecode.c.h; path = WXApi.h; sourceTree = "<group>"; };
		C21FCB531E08FAC000534A80 /* WXApiObject.h */ = {isa = PBXFileReference; fileEncoding = 4; lastKnownFileType = sourcecode.c.h; path = WXApiObject.h; sourceTree = "<group>"; };
		C21FCB551E08FAC000534A80 /* UMSocialCore.framework */ = {isa = PBXFileReference; lastKnownFileType = wrapper.framework; path = UMSocialCore.framework; sourceTree = "<group>"; };
		C21FCB561E08FAC000534A80 /* UMSocialNetwork.framework */ = {isa = PBXFileReference; lastKnownFileType = wrapper.framework; path = UMSocialNetwork.framework; sourceTree = "<group>"; };
		C21FCB581E08FAC000534A80 /* UMSocialSDKResources.bundle */ = {isa = PBXFileReference; lastKnownFileType = "wrapper.plug-in"; path = UMSocialSDKResources.bundle; sourceTree = "<group>"; };
		C21FCB591E08FAC000534A80 /* UShareUI.framework */ = {isa = PBXFileReference; lastKnownFileType = wrapper.framework; path = UShareUI.framework; sourceTree = "<group>"; };
		C21FCB6A1E08FCDD00534A80 /* UIKit.framework */ = {isa = PBXFileReference; lastKnownFileType = wrapper.framework; name = UIKit.framework; path = System/Library/Frameworks/UIKit.framework; sourceTree = SDKROOT; };
		C240210E1E08C9390064CE01 /* libsqlite3.tbd */ = {isa = PBXFileReference; lastKnownFileType = "sourcecode.text-based-dylib-definition"; name = libsqlite3.tbd; path = usr/lib/libsqlite3.tbd; sourceTree = SDKROOT; };
		C24021101E08C95D0064CE01 /* ImageIO.framework */ = {isa = PBXFileReference; lastKnownFileType = wrapper.framework; name = ImageIO.framework; path = System/Library/Frameworks/ImageIO.framework; sourceTree = SDKROOT; };
		C24021131E08DE870064CE01 /* FDHudView.h */ = {isa = PBXFileReference; fileEncoding = 4; lastKnownFileType = sourcecode.c.h; path = FDHudView.h; sourceTree = "<group>"; };
		C24021141E08DE870064CE01 /* FDHudView.m */ = {isa = PBXFileReference; fileEncoding = 4; lastKnownFileType = sourcecode.c.objc; path = FDHudView.m; sourceTree = "<group>"; };
		C26C8A261DF2B353009BF06C /* FDUtils.h */ = {isa = PBXFileReference; fileEncoding = 4; lastKnownFileType = sourcecode.c.h; path = FDUtils.h; sourceTree = "<group>"; };
		C26C8A271DF2B353009BF06C /* FDUtils.m */ = {isa = PBXFileReference; fileEncoding = 4; lastKnownFileType = sourcecode.c.objc; path = FDUtils.m; sourceTree = "<group>"; };
		C27D46501DFA4E5F00707F76 /* hotcity.json */ = {isa = PBXFileReference; fileEncoding = 4; lastKnownFileType = text.json; path = hotcity.json; sourceTree = "<group>"; };
		C27D46531DFA55ED00707F76 /* CoreLocation.framework */ = {isa = PBXFileReference; lastKnownFileType = wrapper.framework; name = CoreLocation.framework; path = System/Library/Frameworks/CoreLocation.framework; sourceTree = SDKROOT; };
		C27D465C1DFA72AD00707F76 /* FDDefaultView.h */ = {isa = PBXFileReference; fileEncoding = 4; lastKnownFileType = sourcecode.c.h; path = FDDefaultView.h; sourceTree = "<group>"; };
		C27D465D1DFA72AD00707F76 /* FDDefaultView.m */ = {isa = PBXFileReference; fileEncoding = 4; lastKnownFileType = sourcecode.c.objc; path = FDDefaultView.m; sourceTree = "<group>"; };
		C2827F981E07A377005B277F /* city.xml */ = {isa = PBXFileReference; fileEncoding = 4; lastKnownFileType = text.xml; path = city.xml; sourceTree = "<group>"; };
		C2827F991E07A377005B277F /* province.xml */ = {isa = PBXFileReference; fileEncoding = 4; lastKnownFileType = text.xml; path = province.xml; sourceTree = "<group>"; };
		C2827F9A1E07A377005B277F /* county.xml */ = {isa = PBXFileReference; fileEncoding = 4; lastKnownFileType = text.xml; path = county.xml; sourceTree = "<group>"; };
		C2827F9E1E07BC34005B277F /* FDCity.h */ = {isa = PBXFileReference; fileEncoding = 4; lastKnownFileType = sourcecode.c.h; path = FDCity.h; sourceTree = "<group>"; };
		C2827F9F1E07BC34005B277F /* FDCity.m */ = {isa = PBXFileReference; fileEncoding = 4; lastKnownFileType = sourcecode.c.objc; path = FDCity.m; sourceTree = "<group>"; };
		C2827FA11E07BD02005B277F /* FDForecastItemHour.h */ = {isa = PBXFileReference; fileEncoding = 4; lastKnownFileType = sourcecode.c.h; path = FDForecastItemHour.h; sourceTree = "<group>"; };
		C2827FA21E07BD02005B277F /* FDForecastItemHour.m */ = {isa = PBXFileReference; fileEncoding = 4; lastKnownFileType = sourcecode.c.objc; path = FDForecastItemHour.m; sourceTree = "<group>"; };
		C2827FA51E07BD1D005B277F /* FDForecastItemDate.h */ = {isa = PBXFileReference; fileEncoding = 4; lastKnownFileType = sourcecode.c.h; path = FDForecastItemDate.h; sourceTree = "<group>"; };
		C2827FA61E07BD1D005B277F /* FDForecastItemDate.m */ = {isa = PBXFileReference; fileEncoding = 4; lastKnownFileType = sourcecode.c.objc; path = FDForecastItemDate.m; sourceTree = "<group>"; };
		C2827FA81E07BDE2005B277F /* FDAqi.h */ = {isa = PBXFileReference; fileEncoding = 4; lastKnownFileType = sourcecode.c.h; path = FDAqi.h; sourceTree = "<group>"; };
		C2827FA91E07BDE2005B277F /* FDAqi.m */ = {isa = PBXFileReference; fileEncoding = 4; lastKnownFileType = sourcecode.c.objc; path = FDAqi.m; sourceTree = "<group>"; };
		C28E79B11DF0FDD300E2C517 /* FDConstants.h */ = {isa = PBXFileReference; fileEncoding = 4; lastKnownFileType = sourcecode.c.h; path = FDConstants.h; sourceTree = "<group>"; };
		C28E79B21DF0FFB800E2C517 /* FDIconLabelView.h */ = {isa = PBXFileReference; fileEncoding = 4; lastKnownFileType = sourcecode.c.h; path = FDIconLabelView.h; sourceTree = "<group>"; };
		C28E79B31DF0FFB800E2C517 /* FDIconLabelView.m */ = {isa = PBXFileReference; fileEncoding = 4; lastKnownFileType = sourcecode.c.objc; path = FDIconLabelView.m; sourceTree = "<group>"; };
		C28E79B51DF1067E00E2C517 /* FDTodayWeatherTableViewCell.h */ = {isa = PBXFileReference; fileEncoding = 4; lastKnownFileType = sourcecode.c.h; path = FDTodayWeatherTableViewCell.h; sourceTree = "<group>"; };
		C28E79B61DF1067E00E2C517 /* FDTodayWeatherTableViewCell.m */ = {isa = PBXFileReference; fileEncoding = 4; lastKnownFileType = sourcecode.c.objc; path = FDTodayWeatherTableViewCell.m; sourceTree = "<group>"; };
		C28E79B81DF10AD500E2C517 /* SanFranciscoDisplay-Bold.otf */ = {isa = PBXFileReference; lastKnownFileType = file; path = "SanFranciscoDisplay-Bold.otf"; sourceTree = "<group>"; };
		C28E79BA1DF113E200E2C517 /* FDForecastWeatherTableViewCell.h */ = {isa = PBXFileReference; fileEncoding = 4; lastKnownFileType = sourcecode.c.h; path = FDForecastWeatherTableViewCell.h; sourceTree = "<group>"; };
		C28E79BB1DF113E200E2C517 /* FDForecastWeatherTableViewCell.m */ = {isa = PBXFileReference; fileEncoding = 4; lastKnownFileType = sourcecode.c.objc; path = FDForecastWeatherTableViewCell.m; sourceTree = "<group>"; };
		C28E79BD1DF115FF00E2C517 /* FDChartView.h */ = {isa = PBXFileReference; fileEncoding = 4; lastKnownFileType = sourcecode.c.h; path = FDChartView.h; sourceTree = "<group>"; };
		C28E79BE1DF115FF00E2C517 /* FDChartView.m */ = {isa = PBXFileReference; fileEncoding = 4; lastKnownFileType = sourcecode.c.objc; path = FDChartView.m; sourceTree = "<group>"; };
		C28F81F71DFA9A7400B27655 /* libxml2.tbd */ = {isa = PBXFileReference; lastKnownFileType = "sourcecode.text-based-dylib-definition"; name = libxml2.tbd; path = usr/lib/libxml2.tbd; sourceTree = SDKROOT; };
		C28F81F91DFA9AAF00B27655 /* libxml2.2.tbd */ = {isa = PBXFileReference; lastKnownFileType = "sourcecode.text-based-dylib-definition"; name = libxml2.2.tbd; path = usr/lib/libxml2.2.tbd; sourceTree = SDKROOT; };
		C29F50C21DF6CB42001A92E3 /* FDEditCityCollectionViewCell.h */ = {isa = PBXFileReference; fileEncoding = 4; lastKnownFileType = sourcecode.c.h; path = FDEditCityCollectionViewCell.h; sourceTree = "<group>"; };
		C29F50C31DF6CB42001A92E3 /* FDEditCityCollectionViewCell.m */ = {isa = PBXFileReference; fileEncoding = 4; lastKnownFileType = sourcecode.c.objc; path = FDEditCityCollectionViewCell.m; sourceTree = "<group>"; };
		C29F50C51DF6D218001A92E3 /* FDConstants.m */ = {isa = PBXFileReference; fileEncoding = 4; lastKnownFileType = sourcecode.c.objc; path = FDConstants.m; sourceTree = "<group>"; };
		C2A2079D1E03BBB2000028AB /* NSString+Util.h */ = {isa = PBXFileReference; fileEncoding = 4; lastKnownFileType = sourcecode.c.h; path = "NSString+Util.h"; sourceTree = "<group>"; };
		C2A2079E1E03BBB2000028AB /* NSString+Util.m */ = {isa = PBXFileReference; fileEncoding = 4; lastKnownFileType = sourcecode.c.objc; path = "NSString+Util.m"; sourceTree = "<group>"; };
		C2A207A11E03CBD7000028AB /* FDQueryCityOperation.h */ = {isa = PBXFileReference; fileEncoding = 4; lastKnownFileType = sourcecode.c.h; path = FDQueryCityOperation.h; sourceTree = "<group>"; };
		C2A207A21E03CBD7000028AB /* FDQueryCityOperation.m */ = {isa = PBXFileReference; fileEncoding = 4; lastKnownFileType = sourcecode.c.objc; path = FDQueryCityOperation.m; sourceTree = "<group>"; };
		C2A3DC291DF9323E00829575 /* FDDeleteButton.h */ = {isa = PBXFileReference; fileEncoding = 4; lastKnownFileType = sourcecode.c.h; path = FDDeleteButton.h; sourceTree = "<group>"; };
		C2A3DC2A1DF9323E00829575 /* FDDeleteButton.m */ = {isa = PBXFileReference; fileEncoding = 4; lastKnownFileType = sourcecode.c.objc; path = FDDeleteButton.m; sourceTree = "<group>"; };
		C2A705F61DF946EE00110C96 /* FDMainCollectionViewCell.h */ = {isa = PBXFileReference; fileEncoding = 4; lastKnownFileType = sourcecode.c.h; path = FDMainCollectionViewCell.h; sourceTree = "<group>"; };
		C2A705F71DF946EE00110C96 /* FDMainCollectionViewCell.m */ = {isa = PBXFileReference; fileEncoding = 4; lastKnownFileType = sourcecode.c.objc; path = FDMainCollectionViewCell.m; sourceTree = "<group>"; };
		C2A706031DF95C9300110C96 /* FdAddCotyCollectionViewCell.h */ = {isa = PBXFileReference; fileEncoding = 4; lastKnownFileType = sourcecode.c.h; path = FdAddCotyCollectionViewCell.h; sourceTree = "<group>"; };
		C2A706041DF95C9300110C96 /* FdAddCotyCollectionViewCell.m */ = {isa = PBXFileReference; fileEncoding = 4; lastKnownFileType = sourcecode.c.objc; path = FdAddCotyCollectionViewCell.m; sourceTree = "<group>"; };
		C2B200001DF03B1900C1CD77 /* MASConstraintMaker.m */ = {isa = PBXFileReference; fileEncoding = 4; lastKnownFileType = sourcecode.c.objc; path = MASConstraintMaker.m; sourceTree = "<group>"; };
		C2B200011DF03B1900C1CD77 /* MASLayoutConstraint.h */ = {isa = PBXFileReference; fileEncoding = 4; lastKnownFileType = sourcecode.c.h; path = MASLayoutConstraint.h; sourceTree = "<group>"; };
		C2B200021DF03B1900C1CD77 /* MASLayoutConstraint.m */ = {isa = PBXFileReference; fileEncoding = 4; lastKnownFileType = sourcecode.c.objc; path = MASLayoutConstraint.m; sourceTree = "<group>"; };
		C2B200031DF03B1900C1CD77 /* Masonry.h */ = {isa = PBXFileReference; fileEncoding = 4; lastKnownFileType = sourcecode.c.h; path = Masonry.h; sourceTree = "<group>"; };
		C2B200041DF03B1900C1CD77 /* MASUtilities.h */ = {isa = PBXFileReference; fileEncoding = 4; lastKnownFileType = sourcecode.c.h; path = MASUtilities.h; sourceTree = "<group>"; };
		C2B200051DF03B1900C1CD77 /* MASViewAttribute.h */ = {isa = PBXFileReference; fileEncoding = 4; lastKnownFileType = sourcecode.c.h; path = MASViewAttribute.h; sourceTree = "<group>"; };
		C2B200061DF03B1900C1CD77 /* MASViewAttribute.m */ = {isa = PBXFileReference; fileEncoding = 4; lastKnownFileType = sourcecode.c.objc; path = MASViewAttribute.m; sourceTree = "<group>"; };
		C2B200071DF03B1900C1CD77 /* MASViewConstraint.h */ = {isa = PBXFileReference; fileEncoding = 4; lastKnownFileType = sourcecode.c.h; path = MASViewConstraint.h; sourceTree = "<group>"; };
		C2B200081DF03B1900C1CD77 /* MASViewConstraint.m */ = {isa = PBXFileReference; fileEncoding = 4; lastKnownFileType = sourcecode.c.objc; path = MASViewConstraint.m; sourceTree = "<group>"; };
		C2B200091DF03B1900C1CD77 /* NSArray+MASAdditions.h */ = {isa = PBXFileReference; fileEncoding = 4; lastKnownFileType = sourcecode.c.h; path = "NSArray+MASAdditions.h"; sourceTree = "<group>"; };
		C2B2000A1DF03B1900C1CD77 /* NSArray+MASAdditions.m */ = {isa = PBXFileReference; fileEncoding = 4; lastKnownFileType = sourcecode.c.objc; path = "NSArray+MASAdditions.m"; sourceTree = "<group>"; };
		C2B2000B1DF03B1900C1CD77 /* NSArray+MASShorthandAdditions.h */ = {isa = PBXFileReference; fileEncoding = 4; lastKnownFileType = sourcecode.c.h; path = "NSArray+MASShorthandAdditions.h"; sourceTree = "<group>"; };
		C2B2000C1DF03B1900C1CD77 /* NSLayoutConstraint+MASDebugAdditions.h */ = {isa = PBXFileReference; fileEncoding = 4; lastKnownFileType = sourcecode.c.h; path = "NSLayoutConstraint+MASDebugAdditions.h"; sourceTree = "<group>"; };
		C2B2000D1DF03B1900C1CD77 /* NSLayoutConstraint+MASDebugAdditions.m */ = {isa = PBXFileReference; fileEncoding = 4; lastKnownFileType = sourcecode.c.objc; path = "NSLayoutConstraint+MASDebugAdditions.m"; sourceTree = "<group>"; };
		C2B2000E1DF03B1900C1CD77 /* View+MASAdditions.h */ = {isa = PBXFileReference; fileEncoding = 4; lastKnownFileType = sourcecode.c.h; path = "View+MASAdditions.h"; sourceTree = "<group>"; };
		C2B2000F1DF03B1900C1CD77 /* View+MASAdditions.m */ = {isa = PBXFileReference; fileEncoding = 4; lastKnownFileType = sourcecode.c.objc; path = "View+MASAdditions.m"; sourceTree = "<group>"; };
		C2B200101DF03B1900C1CD77 /* View+MASShorthandAdditions.h */ = {isa = PBXFileReference; fileEncoding = 4; lastKnownFileType = sourcecode.c.h; path = "View+MASShorthandAdditions.h"; sourceTree = "<group>"; };
		C2B200111DF03B1900C1CD77 /* ViewController+MASAdditions.h */ = {isa = PBXFileReference; fileEncoding = 4; lastKnownFileType = sourcecode.c.h; path = "ViewController+MASAdditions.h"; sourceTree = "<group>"; };
		C2B200121DF03B1900C1CD77 /* ViewController+MASAdditions.m */ = {isa = PBXFileReference; fileEncoding = 4; lastKnownFileType = sourcecode.c.objc; path = "ViewController+MASAdditions.m"; sourceTree = "<group>"; };
		C2B2FF9B1DEFF52F00C1CD77 /* FirstDemo.app */ = {isa = PBXFileReference; explicitFileType = wrapper.application; includeInIndex = 0; path = FirstDemo.app; sourceTree = BUILT_PRODUCTS_DIR; };
		C2B2FF9F1DEFF52F00C1CD77 /* main.m */ = {isa = PBXFileReference; lastKnownFileType = sourcecode.c.objc; path = main.m; sourceTree = "<group>"; };
		C2B2FFA11DEFF52F00C1CD77 /* AppDelegate.h */ = {isa = PBXFileReference; lastKnownFileType = sourcecode.c.h; path = AppDelegate.h; sourceTree = "<group>"; };
		C2B2FFA21DEFF52F00C1CD77 /* AppDelegate.m */ = {isa = PBXFileReference; lastKnownFileType = sourcecode.c.objc; path = AppDelegate.m; sourceTree = "<group>"; };
		C2B2FFA41DEFF52F00C1CD77 /* ViewController.h */ = {isa = PBXFileReference; lastKnownFileType = sourcecode.c.h; path = ViewController.h; sourceTree = "<group>"; };
		C2B2FFA51DEFF52F00C1CD77 /* ViewController.m */ = {isa = PBXFileReference; lastKnownFileType = sourcecode.c.objc; path = ViewController.m; sourceTree = "<group>"; };
		C2B2FFA81DEFF52F00C1CD77 /* Base */ = {isa = PBXFileReference; lastKnownFileType = file.storyboard; name = Base; path = Base.lproj/Main.storyboard; sourceTree = "<group>"; };
		C2B2FFAA1DEFF52F00C1CD77 /* Assets.xcassets */ = {isa = PBXFileReference; lastKnownFileType = folder.assetcatalog; path = Assets.xcassets; sourceTree = "<group>"; };
		C2B2FFAD1DEFF52F00C1CD77 /* Base */ = {isa = PBXFileReference; lastKnownFileType = file.storyboard; name = Base; path = Base.lproj/LaunchScreen.storyboard; sourceTree = "<group>"; };
		C2B2FFAF1DEFF52F00C1CD77 /* Info.plist */ = {isa = PBXFileReference; lastKnownFileType = text.plist.xml; path = Info.plist; sourceTree = "<group>"; };
		C2B2FFB41DEFF52F00C1CD77 /* FirstDemoTests.xctest */ = {isa = PBXFileReference; explicitFileType = wrapper.cfbundle; includeInIndex = 0; path = FirstDemoTests.xctest; sourceTree = BUILT_PRODUCTS_DIR; };
		C2B2FFB81DEFF52F00C1CD77 /* FirstDemoTests.m */ = {isa = PBXFileReference; lastKnownFileType = sourcecode.c.objc; path = FirstDemoTests.m; sourceTree = "<group>"; };
		C2B2FFBA1DEFF52F00C1CD77 /* Info.plist */ = {isa = PBXFileReference; lastKnownFileType = text.plist.xml; path = Info.plist; sourceTree = "<group>"; };
		C2B2FFD01DF0183900C1CD77 /* UIColor+FDColor.h */ = {isa = PBXFileReference; fileEncoding = 4; lastKnownFileType = sourcecode.c.h; path = "UIColor+FDColor.h"; sourceTree = "<group>"; };
		C2B2FFD11DF0183900C1CD77 /* UIColor+FDColor.m */ = {isa = PBXFileReference; fileEncoding = 4; lastKnownFileType = sourcecode.c.objc; path = "UIColor+FDColor.m"; sourceTree = "<group>"; };
		C2B2FFD31DF0186B00C1CD77 /* UILabel+FDLabel.h */ = {isa = PBXFileReference; fileEncoding = 4; lastKnownFileType = sourcecode.c.h; path = "UILabel+FDLabel.h"; sourceTree = "<group>"; };
		C2B2FFD41DF0186B00C1CD77 /* UILabel+FDLabel.m */ = {isa = PBXFileReference; fileEncoding = 4; lastKnownFileType = sourcecode.c.objc; path = "UILabel+FDLabel.m"; sourceTree = "<group>"; };
		C2B2FFD71DF01AB800C1CD77 /* FDGradientView.h */ = {isa = PBXFileReference; fileEncoding = 4; lastKnownFileType = sourcecode.c.h; path = FDGradientView.h; sourceTree = "<group>"; };
		C2B2FFD81DF01AB800C1CD77 /* FDGradientView.m */ = {isa = PBXFileReference; fileEncoding = 4; lastKnownFileType = sourcecode.c.objc; path = FDGradientView.m; sourceTree = "<group>"; };
		C2B2FFDC1DF0270000C1CD77 /* SanFranciscoDisplay-Ultralight.otf */ = {isa = PBXFileReference; lastKnownFileType = file; path = "SanFranciscoDisplay-Ultralight.otf"; sourceTree = "<group>"; };
		C2B2FFDE1DF0277500C1CD77 /* SanFranciscoDisplay-Regular.otf */ = {isa = PBXFileReference; lastKnownFileType = file; path = "SanFranciscoDisplay-Regular.otf"; sourceTree = "<group>"; };
		C2B2FFE01DF02A5700C1CD77 /* UIImageView+FDImageView.h */ = {isa = PBXFileReference; fileEncoding = 4; lastKnownFileType = sourcecode.c.h; path = "UIImageView+FDImageView.h"; sourceTree = "<group>"; };
		C2B2FFE11DF02A5700C1CD77 /* UIImageView+FDImageView.m */ = {isa = PBXFileReference; fileEncoding = 4; lastKnownFileType = sourcecode.c.objc; path = "UIImageView+FDImageView.m"; sourceTree = "<group>"; };
		C2B2FFE31DF02EAA00C1CD77 /* FDSuggestionCollectionViewCell.h */ = {isa = PBXFileReference; fileEncoding = 4; lastKnownFileType = sourcecode.c.h; path = FDSuggestionCollectionViewCell.h; sourceTree = "<group>"; };
		C2B2FFE41DF02EAA00C1CD77 /* FDSuggestionCollectionViewCell.m */ = {isa = PBXFileReference; fileEncoding = 4; lastKnownFileType = sourcecode.c.objc; path = FDSuggestionCollectionViewCell.m; sourceTree = "<group>"; };
		C2B2FFE81DF032FB00C1CD77 /* FDTodayWeatherCollectionViewCell.h */ = {isa = PBXFileReference; fileEncoding = 4; lastKnownFileType = sourcecode.c.h; path = FDTodayWeatherCollectionViewCell.h; sourceTree = "<group>"; };
		C2B2FFE91DF032FB00C1CD77 /* FDTodayWeatherCollectionViewCell.m */ = {isa = PBXFileReference; fileEncoding = 4; lastKnownFileType = sourcecode.c.objc; path = FDTodayWeatherCollectionViewCell.m; sourceTree = "<group>"; };
		C2B2FFEB1DF0333200C1CD77 /* FDForecastWeatherCollectionViewCell.h */ = {isa = PBXFileReference; fileEncoding = 4; lastKnownFileType = sourcecode.c.h; path = FDForecastWeatherCollectionViewCell.h; sourceTree = "<group>"; };
		C2B2FFEC1DF0333200C1CD77 /* FDForecastWeatherCollectionViewCell.m */ = {isa = PBXFileReference; fileEncoding = 4; lastKnownFileType = sourcecode.c.objc; path = FDForecastWeatherCollectionViewCell.m; sourceTree = "<group>"; };
		C2B2FFF41DF0373C00C1CD77 /* UIView+FDIconLabelView.h */ = {isa = PBXFileReference; fileEncoding = 4; lastKnownFileType = sourcecode.c.h; path = "UIView+FDIconLabelView.h"; sourceTree = "<group>"; };
		C2B2FFF51DF0373C00C1CD77 /* UIView+FDIconLabelView.m */ = {isa = PBXFileReference; fileEncoding = 4; lastKnownFileType = sourcecode.c.objc; path = "UIView+FDIconLabelView.m"; sourceTree = "<group>"; };
		C2B2FFF91DF03B1900C1CD77 /* Info.plist */ = {isa = PBXFileReference; fileEncoding = 4; lastKnownFileType = text.plist.xml; path = Info.plist; sourceTree = "<group>"; };
		C2B2FFFA1DF03B1900C1CD77 /* MASCompositeConstraint.h */ = {isa = PBXFileReference; fileEncoding = 4; lastKnownFileType = sourcecode.c.h; path = MASCompositeConstraint.h; sourceTree = "<group>"; };
		C2B2FFFB1DF03B1900C1CD77 /* MASCompositeConstraint.m */ = {isa = PBXFileReference; fileEncoding = 4; lastKnownFileType = sourcecode.c.objc; path = MASCompositeConstraint.m; sourceTree = "<group>"; };
		C2B2FFFC1DF03B1900C1CD77 /* MASConstraint+Private.h */ = {isa = PBXFileReference; fileEncoding = 4; lastKnownFileType = sourcecode.c.h; path = "MASConstraint+Private.h"; sourceTree = "<group>"; };
		C2B2FFFD1DF03B1900C1CD77 /* MASConstraint.h */ = {isa = PBXFileReference; fileEncoding = 4; lastKnownFileType = sourcecode.c.h; path = MASConstraint.h; sourceTree = "<group>"; };
		C2B2FFFE1DF03B1900C1CD77 /* MASConstraint.m */ = {isa = PBXFileReference; fileEncoding = 4; lastKnownFileType = sourcecode.c.objc; path = MASConstraint.m; sourceTree = "<group>"; };
		C2B2FFFF1DF03B1900C1CD77 /* MASConstraintMaker.h */ = {isa = PBXFileReference; fileEncoding = 4; lastKnownFileType = sourcecode.c.h; path = MASConstraintMaker.h; sourceTree = "<group>"; };
		C2C934821DF6ADFB00590921 /* FDSwitchCityButton.h */ = {isa = PBXFileReference; fileEncoding = 4; lastKnownFileType = sourcecode.c.h; path = FDSwitchCityButton.h; sourceTree = "<group>"; };
		C2C934831DF6ADFB00590921 /* FDSwitchCityButton.m */ = {isa = PBXFileReference; fileEncoding = 4; lastKnownFileType = sourcecode.c.objc; path = FDSwitchCityButton.m; sourceTree = "<group>"; };
		C2C934881DF6B6FC00590921 /* FDManageCityViewController.h */ = {isa = PBXFileReference; fileEncoding = 4; lastKnownFileType = sourcecode.c.h; path = FDManageCityViewController.h; sourceTree = "<group>"; };
		C2C934891DF6B6FC00590921 /* FDManageCityViewController.m */ = {isa = PBXFileReference; fileEncoding = 4; lastKnownFileType = sourcecode.c.objc; path = FDManageCityViewController.m; sourceTree = "<group>"; };
		C2C9348B1DF6B85E00590921 /* FDNavigationController.h */ = {isa = PBXFileReference; fileEncoding = 4; lastKnownFileType = sourcecode.c.h; path = FDNavigationController.h; sourceTree = "<group>"; };
		C2C9348C1DF6B85E00590921 /* FDNavigationController.m */ = {isa = PBXFileReference; fileEncoding = 4; lastKnownFileType = sourcecode.c.objc; path = FDNavigationController.m; sourceTree = "<group>"; };
		C2C934901DF6BF4F00590921 /* FDEditCityFlowLayout.h */ = {isa = PBXFileReference; fileEncoding = 4; lastKnownFileType = sourcecode.c.h; path = FDEditCityFlowLayout.h; sourceTree = "<group>"; };
		C2C934911DF6BF4F00590921 /* FDEditCityFlowLayout.m */ = {isa = PBXFileReference; fileEncoding = 4; lastKnownFileType = sourcecode.c.objc; path = FDEditCityFlowLayout.m; sourceTree = "<group>"; };
		C2C934931DF6C1E100590921 /* FDDeleteDecorationView.h */ = {isa = PBXFileReference; fileEncoding = 4; lastKnownFileType = sourcecode.c.h; path = FDDeleteDecorationView.h; sourceTree = "<group>"; };
		C2C934941DF6C1E100590921 /* FDDeleteDecorationView.m */ = {isa = PBXFileReference; fileEncoding = 4; lastKnownFileType = sourcecode.c.objc; path = FDDeleteDecorationView.m; sourceTree = "<group>"; };
		C2D7C6481DF9621600F1D0B8 /* FDSelectCityViewController.h */ = {isa = PBXFileReference; fileEncoding = 4; lastKnownFileType = sourcecode.c.h; path = FDSelectCityViewController.h; sourceTree = "<group>"; };
		C2D7C6491DF9621600F1D0B8 /* FDSelectCityViewController.m */ = {isa = PBXFileReference; fileEncoding = 4; lastKnownFileType = sourcecode.c.objc; path = FDSelectCityViewController.m; sourceTree = "<group>"; };
		C2DCBF631DF15F0600D73815 /* FDSunriseTableViewCell.h */ = {isa = PBXFileReference; fileEncoding = 4; lastKnownFileType = sourcecode.c.h; path = FDSunriseTableViewCell.h; sourceTree = "<group>"; };
		C2DCBF641DF15F0600D73815 /* FDSunriseTableViewCell.m */ = {isa = PBXFileReference; fileEncoding = 4; lastKnownFileType = sourcecode.c.objc; path = FDSunriseTableViewCell.m; sourceTree = "<group>"; };
		C2DCBF661DF16B7100D73815 /* FDCurrentWeatherTableViewCell.h */ = {isa = PBXFileReference; fileEncoding = 4; lastKnownFileType = sourcecode.c.h; path = FDCurrentWeatherTableViewCell.h; sourceTree = "<group>"; };
		C2DCBF671DF16B7100D73815 /* FDCurrentWeatherTableViewCell.m */ = {isa = PBXFileReference; fileEncoding = 4; lastKnownFileType = sourcecode.c.objc; path = FDCurrentWeatherTableViewCell.m; sourceTree = "<group>"; };
		C2DCBF6C1DF17E2600D73815 /* FDTableViewCell.h */ = {isa = PBXFileReference; fileEncoding = 4; lastKnownFileType = sourcecode.c.h; path = FDTableViewCell.h; sourceTree = "<group>"; };
		C2DCBF6D1DF17E2600D73815 /* FDTableViewCell.m */ = {isa = PBXFileReference; fileEncoding = 4; lastKnownFileType = sourcecode.c.objc; path = FDTableViewCell.m; sourceTree = "<group>"; };
		C2DE49241DFE367A0001A4D5 /* AMapFoundationKit.framework */ = {isa = PBXFileReference; lastKnownFileType = wrapper.framework; path = AMapFoundationKit.framework; sourceTree = "<group>"; };
		C2DE49251DFE367A0001A4D5 /* AMapLocationKit.framework */ = {isa = PBXFileReference; lastKnownFileType = wrapper.framework; path = AMapLocationKit.framework; sourceTree = "<group>"; };
		C2DE492A1DFE37640001A4D5 /* JavaScriptCore.framework */ = {isa = PBXFileReference; lastKnownFileType = wrapper.framework; name = JavaScriptCore.framework; path = System/Library/Frameworks/JavaScriptCore.framework; sourceTree = SDKROOT; };
		C2DE492C1DFE376F0001A4D5 /* SystemConfiguration.framework */ = {isa = PBXFileReference; lastKnownFileType = wrapper.framework; name = SystemConfiguration.framework; path = System/Library/Frameworks/SystemConfiguration.framework; sourceTree = SDKROOT; };
		C2DE492E1DFE37910001A4D5 /* libz.tbd */ = {isa = PBXFileReference; lastKnownFileType = "sourcecode.text-based-dylib-definition"; name = libz.tbd; path = usr/lib/libz.tbd; sourceTree = SDKROOT; };
		C2DE49301DFE379D0001A4D5 /* libc++.tbd */ = {isa = PBXFileReference; lastKnownFileType = "sourcecode.text-based-dylib-definition"; name = "libc++.tbd"; path = "usr/lib/libc++.tbd"; sourceTree = SDKROOT; };
		C2DE49321DFE37AB0001A4D5 /* libstdc++.6.0.9.tbd */ = {isa = PBXFileReference; lastKnownFileType = "sourcecode.text-based-dylib-definition"; name = "libstdc++.6.0.9.tbd"; path = "usr/lib/libstdc++.6.0.9.tbd"; sourceTree = SDKROOT; };
		C2DE49341DFE37BA0001A4D5 /* Security.framework */ = {isa = PBXFileReference; lastKnownFileType = wrapper.framework; name = Security.framework; path = System/Library/Frameworks/Security.framework; sourceTree = SDKROOT; };
		C2DE49361DFE37D90001A4D5 /* CoreTelephony.framework */ = {isa = PBXFileReference; lastKnownFileType = wrapper.framework; name = CoreTelephony.framework; path = System/Library/Frameworks/CoreTelephony.framework; sourceTree = SDKROOT; };
		C2E652551DF1335F008A5B7F /* FDSunriseView.h */ = {isa = PBXFileReference; fileEncoding = 4; lastKnownFileType = sourcecode.c.h; path = FDSunriseView.h; sourceTree = "<group>"; };
		C2E652561DF1335F008A5B7F /* FDSunriseView.m */ = {isa = PBXFileReference; fileEncoding = 4; lastKnownFileType = sourcecode.c.objc; path = FDSunriseView.m; sourceTree = "<group>"; };
		C2F018DC1E0A869E00CC3EC3 /* UIView+OldSchoolSnapshots.h */ = {isa = PBXFileReference; fileEncoding = 4; lastKnownFileType = sourcecode.c.h; path = "UIView+OldSchoolSnapshots.h"; sourceTree = "<group>"; };
		C2F018DD1E0A869E00CC3EC3 /* UIView+OldSchoolSnapshots.m */ = {isa = PBXFileReference; fileEncoding = 4; lastKnownFileType = sourcecode.c.objc; path = "UIView+OldSchoolSnapshots.m"; sourceTree = "<group>"; };
/* End PBXFileReference section */

/* Begin PBXFrameworksBuildPhase section */
		C2B2FF981DEFF52F00C1CD77 /* Frameworks */ = {
			isa = PBXFrameworksBuildPhase;
			buildActionMask = 2147483647;
			files = (
				C21FCB691E08FAC000534A80 /* UShareUI.framework in Frameworks */,
				C2DE49261DFE367B0001A4D5 /* AMapFoundationKit.framework in Frameworks */,
				C2DE49271DFE367B0001A4D5 /* AMapLocationKit.framework in Frameworks */,
				C21FCB671E08FAC000534A80 /* UMSocialNetwork.framework in Frameworks */,
				C21FCB661E08FAC000534A80 /* UMSocialCore.framework in Frameworks */,
				C2DE49311DFE379D0001A4D5 /* libc++.tbd in Frameworks */,
				C2DE492F1DFE37910001A4D5 /* libz.tbd in Frameworks */,
				C21FCB5E1E08FAC000534A80 /* libSocialSina.a in Frameworks */,
				C24021111E08C95D0064CE01 /* ImageIO.framework in Frameworks */,
				C240210F1E08C9390064CE01 /* libsqlite3.tbd in Frameworks */,
				C2DE49371DFE37D90001A4D5 /* CoreTelephony.framework in Frameworks */,
				C21FCB5C1E08FAC000534A80 /* TencentOpenAPI.framework in Frameworks */,
				C21FCB5A1E08FAC000534A80 /* libSocialEmail.a in Frameworks */,
				C2DE49351DFE37BA0001A4D5 /* Security.framework in Frameworks */,
				C21FCB611E08FAC000534A80 /* libSocialSMS.a in Frameworks */,
				C2DE49331DFE37AB0001A4D5 /* libstdc++.6.0.9.tbd in Frameworks */,
				C2DE492D1DFE376F0001A4D5 /* SystemConfiguration.framework in Frameworks */,
				C21FCB631E08FAC000534A80 /* libWeChatSDK.a in Frameworks */,
				C21FCB5F1E08FAC000534A80 /* libWeiboSDK.a in Frameworks */,
				C2DE492B1DFE37640001A4D5 /* JavaScriptCore.framework in Frameworks */,
				C21FCB621E08FAC000534A80 /* libSocialWeChat.a in Frameworks */,
				C21FCB5B1E08FAC000534A80 /* libSocialQQ.a in Frameworks */,
			);
			runOnlyForDeploymentPostprocessing = 0;
		};
		C2B2FFB11DEFF52F00C1CD77 /* Frameworks */ = {
			isa = PBXFrameworksBuildPhase;
			buildActionMask = 2147483647;
			files = (
			);
			runOnlyForDeploymentPostprocessing = 0;
		};
/* End PBXFrameworksBuildPhase section */

/* Begin PBXGroup section */
		C21FCB2E1E08FAC000534A80 /* UMSocial */ = {
			isa = PBXGroup;
			children = (
				C21FCB2F1E08FAC000534A80 /* SocialLibraries */,
				C21FCB541E08FAC000534A80 /* UMSocialSDK */,
				C21FCB571E08FAC000534A80 /* UMSocialUI */,
			);
			path = UMSocial;
			sourceTree = "<group>";
		};
		C21FCB2F1E08FAC000534A80 /* SocialLibraries */ = {
			isa = PBXGroup;
			children = (
				C21FCB301E08FAC000534A80 /* Email */,
				C21FCB331E08FAC000534A80 /* QQ */,
				C21FCB381E08FAC000534A80 /* Sina */,
				C21FCB481E08FAC000534A80 /* SMS */,
				C21FCB4B1E08FAC000534A80 /* WeChat */,
			);
			path = SocialLibraries;
			sourceTree = "<group>";
		};
		C21FCB301E08FAC000534A80 /* Email */ = {
			isa = PBXGroup;
			children = (
				C21FCB311E08FAC000534A80 /* libSocialEmail.a */,
				C21FCB321E08FAC000534A80 /* UMSocialEmailHandler.h */,
			);
			path = Email;
			sourceTree = "<group>";
		};
		C21FCB331E08FAC000534A80 /* QQ */ = {
			isa = PBXGroup;
			children = (
				C21FCB341E08FAC000534A80 /* libSocialQQ.a */,
				C21FCB351E08FAC000534A80 /* TencentOpenAPI.framework */,
				C21FCB361E08FAC000534A80 /* TencentOpenApi_IOS_Bundle.bundle */,
				C21FCB371E08FAC000534A80 /* UMSocialQQHandler.h */,
			);
			path = QQ;
			sourceTree = "<group>";
		};
		C21FCB381E08FAC000534A80 /* Sina */ = {
			isa = PBXGroup;
			children = (
				C21FCB391E08FAC000534A80 /* libSocialSina.a */,
				C21FCB3A1E08FAC000534A80 /* libWeiboSDK.a */,
				C21FCB3B1E08FAC000534A80 /* UMSocialSinaHandler.h */,
				C21FCB3C1E08FAC000534A80 /* WBHttpRequest+WeiboGame.h */,
				C21FCB3D1E08FAC000534A80 /* WBHttpRequest+WeiboShare.h */,
				C21FCB3E1E08FAC000534A80 /* WBHttpRequest+WeiboToken.h */,
				C21FCB3F1E08FAC000534A80 /* WBHttpRequest+WeiboUser.h */,
				C21FCB401E08FAC000534A80 /* WBHttpRequest.h */,
				C21FCB411E08FAC000534A80 /* WBSDKBasicButton.h */,
				C21FCB421E08FAC000534A80 /* WBSDKCommentButton.h */,
				C21FCB431E08FAC000534A80 /* WBSDKRelationshipButton.h */,
				C21FCB441E08FAC000534A80 /* WeiboSDK+Statistics.h */,
				C21FCB451E08FAC000534A80 /* WeiboSDK.bundle */,
				C21FCB461E08FAC000534A80 /* WeiboSDK.h */,
				C21FCB471E08FAC000534A80 /* WeiboUser.h */,
			);
			path = Sina;
			sourceTree = "<group>";
		};
		C21FCB481E08FAC000534A80 /* SMS */ = {
			isa = PBXGroup;
			children = (
				C21FCB491E08FAC000534A80 /* libSocialSMS.a */,
				C21FCB4A1E08FAC000534A80 /* UMSocialSmsHandler.h */,
			);
			path = SMS;
			sourceTree = "<group>";
		};
		C21FCB4B1E08FAC000534A80 /* WeChat */ = {
			isa = PBXGroup;
			children = (
				C21FCB4C1E08FAC000534A80 /* libSocialWeChat.a */,
				C21FCB4D1E08FAC000534A80 /* libWeChatSDK.a */,
				C21FCB4E1E08FAC000534A80 /* read_me.txt */,
				C21FCB4F1E08FAC000534A80 /* README.txt */,
				C21FCB501E08FAC000534A80 /* UMSocialWechatHandler.h */,
				C21FCB511E08FAC000534A80 /* WechatAuthSDK.h */,
				C21FCB521E08FAC000534A80 /* WXApi.h */,
				C21FCB531E08FAC000534A80 /* WXApiObject.h */,
			);
			path = WeChat;
			sourceTree = "<group>";
		};
		C21FCB541E08FAC000534A80 /* UMSocialSDK */ = {
			isa = PBXGroup;
			children = (
				C21FCB551E08FAC000534A80 /* UMSocialCore.framework */,
				C21FCB561E08FAC000534A80 /* UMSocialNetwork.framework */,
			);
			path = UMSocialSDK;
			sourceTree = "<group>";
		};
		C21FCB571E08FAC000534A80 /* UMSocialUI */ = {
			isa = PBXGroup;
			children = (
				C21FCB581E08FAC000534A80 /* UMSocialSDKResources.bundle */,
				C21FCB591E08FAC000534A80 /* UShareUI.framework */,
			);
			path = UMSocialUI;
			sourceTree = "<group>";
		};
		C24021121E08DDAC0064CE01 /* Map */ = {
			isa = PBXGroup;
			children = (
				C2DE49241DFE367A0001A4D5 /* AMapFoundationKit.framework */,
				C2DE49251DFE367A0001A4D5 /* AMapLocationKit.framework */,
			);
			name = Map;
			sourceTree = "<group>";
		};
		C27D46521DFA55ED00707F76 /* Frameworks */ = {
			isa = PBXGroup;
			children = (
				C21FCB6A1E08FCDD00534A80 /* UIKit.framework */,
				C24021101E08C95D0064CE01 /* ImageIO.framework */,
				C240210E1E08C9390064CE01 /* libsqlite3.tbd */,
				C2DE49361DFE37D90001A4D5 /* CoreTelephony.framework */,
				C2DE49341DFE37BA0001A4D5 /* Security.framework */,
				C2DE49321DFE37AB0001A4D5 /* libstdc++.6.0.9.tbd */,
				C2DE49301DFE379D0001A4D5 /* libc++.tbd */,
				C2DE492E1DFE37910001A4D5 /* libz.tbd */,
				C2DE492C1DFE376F0001A4D5 /* SystemConfiguration.framework */,
				C2DE492A1DFE37640001A4D5 /* JavaScriptCore.framework */,
				C28F81F91DFA9AAF00B27655 /* libxml2.2.tbd */,
				C28F81F71DFA9A7400B27655 /* libxml2.tbd */,
				C27D46531DFA55ED00707F76 /* CoreLocation.framework */,
			);
			name = Frameworks;
			sourceTree = "<group>";
		};
		C2827FA41E07BD06005B277F /* New */ = {
			isa = PBXGroup;
			children = (
				C2827F9E1E07BC34005B277F /* FDCity.h */,
				C2827F9F1E07BC34005B277F /* FDCity.m */,
				C2827FA11E07BD02005B277F /* FDForecastItemHour.h */,
				C2827FA21E07BD02005B277F /* FDForecastItemHour.m */,
				C2827FA51E07BD1D005B277F /* FDForecastItemDate.h */,
				C2827FA61E07BD1D005B277F /* FDForecastItemDate.m */,
				C2827FA81E07BDE2005B277F /* FDAqi.h */,
				C2827FA91E07BDE2005B277F /* FDAqi.m */,
			);
			name = New;
			sourceTree = "<group>";
		};
		C2A207A01E03CBAB000028AB /* Operations */ = {
			isa = PBXGroup;
			children = (
				C2A207A11E03CBD7000028AB /* FDQueryCityOperation.h */,
				C2A207A21E03CBD7000028AB /* FDQueryCityOperation.m */,
			);
			name = Operations;
			sourceTree = "<group>";
		};
		C2A705F51DF945FC00110C96 /* deprecated */ = {
			isa = PBXGroup;
			children = (
				C2C934901DF6BF4F00590921 /* FDEditCityFlowLayout.h */,
				C2C934911DF6BF4F00590921 /* FDEditCityFlowLayout.m */,
				C2C934931DF6C1E100590921 /* FDDeleteDecorationView.h */,
				C2C934941DF6C1E100590921 /* FDDeleteDecorationView.m */,
			);
			name = deprecated;
			sourceTree = "<group>";
		};
		C2A705F91DF9567000110C96 /* Model */ = {
			isa = PBXGroup;
			children = (
				C2827FA41E07BD06005B277F /* New */,
			);
			name = Model;
			sourceTree = "<group>";
		};
		C2B2FF921DEFF52F00C1CD77 = {
			isa = PBXGroup;
			children = (
				C2B2FF9D1DEFF52F00C1CD77 /* FirstDemo */,
				C2B2FFB71DEFF52F00C1CD77 /* FirstDemoTests */,
				C2B2FF9C1DEFF52F00C1CD77 /* Products */,
				C27D46521DFA55ED00707F76 /* Frameworks */,
			);
			sourceTree = "<group>";
		};
		C2B2FF9C1DEFF52F00C1CD77 /* Products */ = {
			isa = PBXGroup;
			children = (
				C2B2FF9B1DEFF52F00C1CD77 /* FirstDemo.app */,
				C2B2FFB41DEFF52F00C1CD77 /* FirstDemoTests.xctest */,
			);
			name = Products;
			sourceTree = "<group>";
		};
		C2B2FF9D1DEFF52F00C1CD77 /* FirstDemo */ = {
			isa = PBXGroup;
			children = (
				C2A207A01E03CBAB000028AB /* Operations */,
				C2A705F91DF9567000110C96 /* Model */,
				C2C9348E1DF6B86300590921 /* View Controllers */,
				C2B2FFF71DF03AF600C1CD77 /* Vendor */,
				C2B2FFD61DF01A8E00C1CD77 /* Views */,
				C2B2FFCC1DF010B500C1CD77 /* Category */,
				C2B2FFA11DEFF52F00C1CD77 /* AppDelegate.h */,
				C2B2FFA21DEFF52F00C1CD77 /* AppDelegate.m */,
				C2B2FFA71DEFF52F00C1CD77 /* Main.storyboard */,
				C2B2FFAA1DEFF52F00C1CD77 /* Assets.xcassets */,
				C2B2FFAC1DEFF52F00C1CD77 /* LaunchScreen.storyboard */,
				C2B2FFAF1DEFF52F00C1CD77 /* Info.plist */,
				C2B2FF9E1DEFF52F00C1CD77 /* Supporting Files */,
			);
			path = FirstDemo;
			sourceTree = "<group>";
		};
		C2B2FF9E1DEFF52F00C1CD77 /* Supporting Files */ = {
			isa = PBXGroup;
			children = (
				C2827F991E07A377005B277F /* province.xml */,
				C2827F981E07A377005B277F /* city.xml */,
				C2827F9A1E07A377005B277F /* county.xml */,
				C27D46501DFA4E5F00707F76 /* hotcity.json */,
				C28E79B81DF10AD500E2C517 /* SanFranciscoDisplay-Bold.otf */,
				C2B2FFDE1DF0277500C1CD77 /* SanFranciscoDisplay-Regular.otf */,
				C2B2FFDC1DF0270000C1CD77 /* SanFranciscoDisplay-Ultralight.otf */,
				C2B2FF9F1DEFF52F00C1CD77 /* main.m */,
			);
			name = "Supporting Files";
			sourceTree = "<group>";
		};
		C2B2FFB71DEFF52F00C1CD77 /* FirstDemoTests */ = {
			isa = PBXGroup;
			children = (
				C2B2FFB81DEFF52F00C1CD77 /* FirstDemoTests.m */,
				C2B2FFBA1DEFF52F00C1CD77 /* Info.plist */,
			);
			path = FirstDemoTests;
			sourceTree = "<group>";
		};
		C2B2FFCC1DF010B500C1CD77 /* Category */ = {
			isa = PBXGroup;
			children = (
				C2F018DC1E0A869E00CC3EC3 /* UIView+OldSchoolSnapshots.h */,
				C2F018DD1E0A869E00CC3EC3 /* UIView+OldSchoolSnapshots.m */,
				C2B2FFF41DF0373C00C1CD77 /* UIView+FDIconLabelView.h */,
				C2B2FFF51DF0373C00C1CD77 /* UIView+FDIconLabelView.m */,
				C2B2FFD01DF0183900C1CD77 /* UIColor+FDColor.h */,
				C2B2FFD11DF0183900C1CD77 /* UIColor+FDColor.m */,
				C2B2FFD31DF0186B00C1CD77 /* UILabel+FDLabel.h */,
				C2B2FFD41DF0186B00C1CD77 /* UILabel+FDLabel.m */,
				C2B2FFE01DF02A5700C1CD77 /* UIImageView+FDImageView.h */,
				C2B2FFE11DF02A5700C1CD77 /* UIImageView+FDImageView.m */,
				C2A2079D1E03BBB2000028AB /* NSString+Util.h */,
				C2A2079E1E03BBB2000028AB /* NSString+Util.m */,
			);
			name = Category;
			sourceTree = "<group>";
		};
		C2B2FFD61DF01A8E00C1CD77 /* Views */ = {
			isa = PBXGroup;
			children = (
				C2A705F51DF945FC00110C96 /* deprecated */,
				C2C9348F1DF6BF1200590921 /* Custom Views */,
				C2B2FFEF1DF0342300C1CD77 /* TabelViewCells */,
				C2B2FFEE1DF0340400C1CD77 /* CollectionViewCells */,
			);
			name = Views;
			sourceTree = "<group>";
		};
		C2B2FFEE1DF0340400C1CD77 /* CollectionViewCells */ = {
			isa = PBXGroup;
			children = (
				C2A705F61DF946EE00110C96 /* FDMainCollectionViewCell.h */,
				C2A705F71DF946EE00110C96 /* FDMainCollectionViewCell.m */,
				C2B2FFE81DF032FB00C1CD77 /* FDTodayWeatherCollectionViewCell.h */,
				C2B2FFE91DF032FB00C1CD77 /* FDTodayWeatherCollectionViewCell.m */,
				C2B2FFEB1DF0333200C1CD77 /* FDForecastWeatherCollectionViewCell.h */,
				C2B2FFEC1DF0333200C1CD77 /* FDForecastWeatherCollectionViewCell.m */,
				C2B2FFE31DF02EAA00C1CD77 /* FDSuggestionCollectionViewCell.h */,
				C2B2FFE41DF02EAA00C1CD77 /* FDSuggestionCollectionViewCell.m */,
				C2A706031DF95C9300110C96 /* FdAddCotyCollectionViewCell.h */,
				C2A706041DF95C9300110C96 /* FdAddCotyCollectionViewCell.m */,
				C29F50C21DF6CB42001A92E3 /* FDEditCityCollectionViewCell.h */,
				C29F50C31DF6CB42001A92E3 /* FDEditCityCollectionViewCell.m */,
				C200BC601DF97B5A00BB9EA8 /* FDCityCollectionViewCell.h */,
				C200BC611DF97B5A00BB9EA8 /* FDCityCollectionViewCell.m */,
			);
			name = CollectionViewCells;
			sourceTree = "<group>";
		};
		C2B2FFEF1DF0342300C1CD77 /* TabelViewCells */ = {
			isa = PBXGroup;
			children = (
				C2DCBF6C1DF17E2600D73815 /* FDTableViewCell.h */,
				C2DCBF6D1DF17E2600D73815 /* FDTableViewCell.m */,
				C2DCBF661DF16B7100D73815 /* FDCurrentWeatherTableViewCell.h */,
				C2DCBF671DF16B7100D73815 /* FDCurrentWeatherTableViewCell.m */,
				C28E79B51DF1067E00E2C517 /* FDTodayWeatherTableViewCell.h */,
				C28E79B61DF1067E00E2C517 /* FDTodayWeatherTableViewCell.m */,
				C28E79BA1DF113E200E2C517 /* FDForecastWeatherTableViewCell.h */,
				C28E79BB1DF113E200E2C517 /* FDForecastWeatherTableViewCell.m */,
				C21EB5C81DF26F8B00A5C595 /* FDSuggestionTableViewCell.h */,
				C21EB5C91DF26F8B00A5C595 /* FDSuggestionTableViewCell.m */,
				C2DCBF631DF15F0600D73815 /* FDSunriseTableViewCell.h */,
				C2DCBF641DF15F0600D73815 /* FDSunriseTableViewCell.m */,
			);
			name = TabelViewCells;
			sourceTree = "<group>";
		};
		C2B2FFF71DF03AF600C1CD77 /* Vendor */ = {
			isa = PBXGroup;
			children = (
				C21FCB2E1E08FAC000534A80 /* UMSocial */,
				C26C8A261DF2B353009BF06C /* FDUtils.h */,
				C26C8A271DF2B353009BF06C /* FDUtils.m */,
				C28E79B11DF0FDD300E2C517 /* FDConstants.h */,
				C29F50C51DF6D218001A92E3 /* FDConstants.m */,
				C24021121E08DDAC0064CE01 /* Map */,
				C2B2FFF81DF03B1900C1CD77 /* Masonry */,
			);
			name = Vendor;
			sourceTree = "<group>";
		};
		C2B2FFF81DF03B1900C1CD77 /* Masonry */ = {
			isa = PBXGroup;
			children = (
				C2B2FFF91DF03B1900C1CD77 /* Info.plist */,
				C2B2FFFA1DF03B1900C1CD77 /* MASCompositeConstraint.h */,
				C2B2FFFB1DF03B1900C1CD77 /* MASCompositeConstraint.m */,
				C2B2FFFC1DF03B1900C1CD77 /* MASConstraint+Private.h */,
				C2B2FFFD1DF03B1900C1CD77 /* MASConstraint.h */,
				C2B2FFFE1DF03B1900C1CD77 /* MASConstraint.m */,
				C2B2FFFF1DF03B1900C1CD77 /* MASConstraintMaker.h */,
				C2B200001DF03B1900C1CD77 /* MASConstraintMaker.m */,
				C2B200011DF03B1900C1CD77 /* MASLayoutConstraint.h */,
				C2B200021DF03B1900C1CD77 /* MASLayoutConstraint.m */,
				C2B200031DF03B1900C1CD77 /* Masonry.h */,
				C2B200041DF03B1900C1CD77 /* MASUtilities.h */,
				C2B200051DF03B1900C1CD77 /* MASViewAttribute.h */,
				C2B200061DF03B1900C1CD77 /* MASViewAttribute.m */,
				C2B200071DF03B1900C1CD77 /* MASViewConstraint.h */,
				C2B200081DF03B1900C1CD77 /* MASViewConstraint.m */,
				C2B200091DF03B1900C1CD77 /* NSArray+MASAdditions.h */,
				C2B2000A1DF03B1900C1CD77 /* NSArray+MASAdditions.m */,
				C2B2000B1DF03B1900C1CD77 /* NSArray+MASShorthandAdditions.h */,
				C2B2000C1DF03B1900C1CD77 /* NSLayoutConstraint+MASDebugAdditions.h */,
				C2B2000D1DF03B1900C1CD77 /* NSLayoutConstraint+MASDebugAdditions.m */,
				C2B2000E1DF03B1900C1CD77 /* View+MASAdditions.h */,
				C2B2000F1DF03B1900C1CD77 /* View+MASAdditions.m */,
				C2B200101DF03B1900C1CD77 /* View+MASShorthandAdditions.h */,
				C2B200111DF03B1900C1CD77 /* ViewController+MASAdditions.h */,
				C2B200121DF03B1900C1CD77 /* ViewController+MASAdditions.m */,
			);
			path = Masonry;
			sourceTree = "<group>";
		};
		C2C9348E1DF6B86300590921 /* View Controllers */ = {
			isa = PBXGroup;
			children = (
				C2C9348B1DF6B85E00590921 /* FDNavigationController.h */,
				C2C9348C1DF6B85E00590921 /* FDNavigationController.m */,
				C2B2FFA41DEFF52F00C1CD77 /* ViewController.h */,
				C2B2FFA51DEFF52F00C1CD77 /* ViewController.m */,
				C2C934881DF6B6FC00590921 /* FDManageCityViewController.h */,
				C2C934891DF6B6FC00590921 /* FDManageCityViewController.m */,
				C2D7C6481DF9621600F1D0B8 /* FDSelectCityViewController.h */,
				C2D7C6491DF9621600F1D0B8 /* FDSelectCityViewController.m */,
			);
			name = "View Controllers";
			sourceTree = "<group>";
		};
		C2C9348F1DF6BF1200590921 /* Custom Views */ = {
			isa = PBXGroup;
			children = (
				C24021131E08DE870064CE01 /* FDHudView.h */,
				C24021141E08DE870064CE01 /* FDHudView.m */,
				C2C934821DF6ADFB00590921 /* FDSwitchCityButton.h */,
				C2C934831DF6ADFB00590921 /* FDSwitchCityButton.m */,
				C2B2FFD71DF01AB800C1CD77 /* FDGradientView.h */,
				C2B2FFD81DF01AB800C1CD77 /* FDGradientView.m */,
				C28E79B21DF0FFB800E2C517 /* FDIconLabelView.h */,
				C28E79B31DF0FFB800E2C517 /* FDIconLabelView.m */,
				C28E79BD1DF115FF00E2C517 /* FDChartView.h */,
				C28E79BE1DF115FF00E2C517 /* FDChartView.m */,
				C2E652551DF1335F008A5B7F /* FDSunriseView.h */,
				C2E652561DF1335F008A5B7F /* FDSunriseView.m */,
				C2A3DC291DF9323E00829575 /* FDDeleteButton.h */,
				C2A3DC2A1DF9323E00829575 /* FDDeleteButton.m */,
				C200BC631DF9802E00BB9EA8 /* FDCityCollectionViewHeader.h */,
				C200BC641DF9802E00BB9EA8 /* FDCityCollectionViewHeader.m */,
				C27D465C1DFA72AD00707F76 /* FDDefaultView.h */,
				C27D465D1DFA72AD00707F76 /* FDDefaultView.m */,
			);
			name = "Custom Views";
			sourceTree = "<group>";
		};
/* End PBXGroup section */

/* Begin PBXNativeTarget section */
		C2B2FF9A1DEFF52F00C1CD77 /* FirstDemo */ = {
			isa = PBXNativeTarget;
			buildConfigurationList = C2B2FFBD1DEFF52F00C1CD77 /* Build configuration list for PBXNativeTarget "FirstDemo" */;
			buildPhases = (
				C2B2FF971DEFF52F00C1CD77 /* Sources */,
				C2B2FF981DEFF52F00C1CD77 /* Frameworks */,
				C2B2FF991DEFF52F00C1CD77 /* Resources */,
			);
			buildRules = (
			);
			dependencies = (
			);
			name = FirstDemo;
			productName = FirstDemo;
			productReference = C2B2FF9B1DEFF52F00C1CD77 /* FirstDemo.app */;
			productType = "com.apple.product-type.application";
		};
		C2B2FFB31DEFF52F00C1CD77 /* FirstDemoTests */ = {
			isa = PBXNativeTarget;
			buildConfigurationList = C2B2FFC01DEFF52F00C1CD77 /* Build configuration list for PBXNativeTarget "FirstDemoTests" */;
			buildPhases = (
				C2B2FFB01DEFF52F00C1CD77 /* Sources */,
				C2B2FFB11DEFF52F00C1CD77 /* Frameworks */,
				C2B2FFB21DEFF52F00C1CD77 /* Resources */,
			);
			buildRules = (
			);
			dependencies = (
				C2B2FFB61DEFF52F00C1CD77 /* PBXTargetDependency */,
			);
			name = FirstDemoTests;
			productName = FirstDemoTests;
			productReference = C2B2FFB41DEFF52F00C1CD77 /* FirstDemoTests.xctest */;
			productType = "com.apple.product-type.bundle.unit-test";
		};
/* End PBXNativeTarget section */

/* Begin PBXProject section */
		C2B2FF931DEFF52F00C1CD77 /* Project object */ = {
			isa = PBXProject;
			attributes = {
				LastUpgradeCheck = 0810;
				ORGANIZATIONNAME = tbw;
				TargetAttributes = {
					C2B2FF9A1DEFF52F00C1CD77 = {
						CreatedOnToolsVersion = 8.0;
						DevelopmentTeam = 6Q3X7AW5CU;
						ProvisioningStyle = Automatic;
					};
					C2B2FFB31DEFF52F00C1CD77 = {
						CreatedOnToolsVersion = 8.0;
						ProvisioningStyle = Automatic;
						TestTargetID = C2B2FF9A1DEFF52F00C1CD77;
					};
				};
			};
			buildConfigurationList = C2B2FF961DEFF52F00C1CD77 /* Build configuration list for PBXProject "FirstDemo" */;
			compatibilityVersion = "Xcode 3.2";
			developmentRegion = English;
			hasScannedForEncodings = 0;
			knownRegions = (
				en,
				Base,
			);
			mainGroup = C2B2FF921DEFF52F00C1CD77;
			productRefGroup = C2B2FF9C1DEFF52F00C1CD77 /* Products */;
			projectDirPath = "";
			projectRoot = "";
			targets = (
				C2B2FF9A1DEFF52F00C1CD77 /* FirstDemo */,
				C2B2FFB31DEFF52F00C1CD77 /* FirstDemoTests */,
			);
		};
/* End PBXProject section */

/* Begin PBXResourcesBuildPhase section */
		C2B2FF991DEFF52F00C1CD77 /* Resources */ = {
			isa = PBXResourcesBuildPhase;
			buildActionMask = 2147483647;
			files = (
				C21FCB5D1E08FAC000534A80 /* TencentOpenApi_IOS_Bundle.bundle in Resources */,
				C27D46511DFA4E5F00707F76 /* hotcity.json in Resources */,
				C2827F9C1E07A377005B277F /* province.xml in Resources */,
				C28E79B91DF10AD500E2C517 /* SanFranciscoDisplay-Bold.otf in Resources */,
				C21FCB651E08FAC000534A80 /* README.txt in Resources */,
				C2B2FFAE1DEFF52F00C1CD77 /* LaunchScreen.storyboard in Resources */,
				C2827F9B1E07A377005B277F /* city.xml in Resources */,
				C21FCB641E08FAC000534A80 /* read_me.txt in Resources */,
				C2827F9D1E07A377005B277F /* county.xml in Resources */,
				C2B2FFDF1DF0277500C1CD77 /* SanFranciscoDisplay-Regular.otf in Resources */,
				C2B200131DF03B1900C1CD77 /* Info.plist in Resources */,
				C21FCB601E08FAC000534A80 /* WeiboSDK.bundle in Resources */,
				C2B2FFAB1DEFF52F00C1CD77 /* Assets.xcassets in Resources */,
				C21FCB681E08FAC000534A80 /* UMSocialSDKResources.bundle in Resources */,
				C2B2FFDD1DF0270000C1CD77 /* SanFranciscoDisplay-Ultralight.otf in Resources */,
				C2B2FFA91DEFF52F00C1CD77 /* Main.storyboard in Resources */,
			);
			runOnlyForDeploymentPostprocessing = 0;
		};
		C2B2FFB21DEFF52F00C1CD77 /* Resources */ = {
			isa = PBXResourcesBuildPhase;
			buildActionMask = 2147483647;
			files = (
			);
			runOnlyForDeploymentPostprocessing = 0;
		};
/* End PBXResourcesBuildPhase section */

/* Begin PBXSourcesBuildPhase section */
		C2B2FF971DEFF52F00C1CD77 /* Sources */ = {
			isa = PBXSourcesBuildPhase;
			buildActionMask = 2147483647;
			files = (
				C2B2FFA61DEFF52F00C1CD77 /* ViewController.m in Sources */,
				C2C934841DF6ADFB00590921 /* FDSwitchCityButton.m in Sources */,
				C29F50C41DF6CB42001A92E3 /* FDEditCityCollectionViewCell.m in Sources */,
				C2A2079F1E03BBB2000028AB /* NSString+Util.m in Sources */,
				C2B2FFEA1DF032FB00C1CD77 /* FDTodayWeatherCollectionViewCell.m in Sources */,
				C27D465E1DFA72AD00707F76 /* FDDefaultView.m in Sources */,
				C2B2001B1DF03B1900C1CD77 /* NSLayoutConstraint+MASDebugAdditions.m in Sources */,
				C2B2FFF61DF0373C00C1CD77 /* UIView+FDIconLabelView.m in Sources */,
				C2B200191DF03B1900C1CD77 /* MASViewConstraint.m in Sources */,
				C2827FA31E07BD02005B277F /* FDForecastItemHour.m in Sources */,
				C2B2001C1DF03B1900C1CD77 /* View+MASAdditions.m in Sources */,
				C2827FA01E07BC34005B277F /* FDCity.m in Sources */,
				C24021151E08DE870064CE01 /* FDHudView.m in Sources */,
				C2C934951DF6C1E100590921 /* FDDeleteDecorationView.m in Sources */,
				C2B2FFD51DF0186B00C1CD77 /* UILabel+FDLabel.m in Sources */,
				C2DCBF681DF16B7100D73815 /* FDCurrentWeatherTableViewCell.m in Sources */,
				C200BC621DF97B5A00BB9EA8 /* FDCityCollectionViewCell.m in Sources */,
				C2B200181DF03B1900C1CD77 /* MASViewAttribute.m in Sources */,
				C28E79BF1DF115FF00E2C517 /* FDChartView.m in Sources */,
				C2B200161DF03B1900C1CD77 /* MASConstraintMaker.m in Sources */,
				C2B2FFA31DEFF52F00C1CD77 /* AppDelegate.m in Sources */,
				C2A706051DF95C9300110C96 /* FdAddCotyCollectionViewCell.m in Sources */,
				C26C8A281DF2B353009BF06C /* FDUtils.m in Sources */,
				C2B2FFE21DF02A5700C1CD77 /* UIImageView+FDImageView.m in Sources */,
				C2B2001D1DF03B1900C1CD77 /* ViewController+MASAdditions.m in Sources */,
				C2A3DC2B1DF9323E00829575 /* FDDeleteButton.m in Sources */,
				C28E79B71DF1067E00E2C517 /* FDTodayWeatherTableViewCell.m in Sources */,
				C2D7C64A1DF9621600F1D0B8 /* FDSelectCityViewController.m in Sources */,
				C2C9348D1DF6B85E00590921 /* FDNavigationController.m in Sources */,
				C2827FA71E07BD1D005B277F /* FDForecastItemDate.m in Sources */,
				C2B2FFD91DF01AB800C1CD77 /* FDGradientView.m in Sources */,
				C2A207A31E03CBD7000028AB /* FDQueryCityOperation.m in Sources */,
				C2B2001A1DF03B1900C1CD77 /* NSArray+MASAdditions.m in Sources */,
				C2B2FFD21DF0183900C1CD77 /* UIColor+FDColor.m in Sources */,
				C200BC651DF9802E00BB9EA8 /* FDCityCollectionViewHeader.m in Sources */,
				C2B200171DF03B1900C1CD77 /* MASLayoutConstraint.m in Sources */,
				C2827FAA1E07BDE2005B277F /* FDAqi.m in Sources */,
				C2DCBF651DF15F0600D73815 /* FDSunriseTableViewCell.m in Sources */,
				C2F018DE1E0A869E00CC3EC3 /* UIView+OldSchoolSnapshots.m in Sources */,
				C28E79B41DF0FFB800E2C517 /* FDIconLabelView.m in Sources */,
				C2B200141DF03B1900C1CD77 /* MASCompositeConstraint.m in Sources */,
				C2C9348A1DF6B6FC00590921 /* FDManageCityViewController.m in Sources */,
				C2B2FFA01DEFF52F00C1CD77 /* main.m in Sources */,
				C28E79BC1DF113E200E2C517 /* FDForecastWeatherTableViewCell.m in Sources */,
				C2DCBF6E1DF17E2600D73815 /* FDTableViewCell.m in Sources */,
				C21EB5CA1DF26F8B00A5C595 /* FDSuggestionTableViewCell.m in Sources */,
				C2E652571DF1335F008A5B7F /* FDSunriseView.m in Sources */,
				C2B2FFED1DF0333200C1CD77 /* FDForecastWeatherCollectionViewCell.m in Sources */,
				C2A705F81DF946EE00110C96 /* FDMainCollectionViewCell.m in Sources */,
				C2C934921DF6BF4F00590921 /* FDEditCityFlowLayout.m in Sources */,
				C2B2FFE51DF02EAA00C1CD77 /* FDSuggestionCollectionViewCell.m in Sources */,
				C2B200151DF03B1900C1CD77 /* MASConstraint.m in Sources */,
				C29F50C61DF6D218001A92E3 /* FDConstants.m in Sources */,
			);
			runOnlyForDeploymentPostprocessing = 0;
		};
		C2B2FFB01DEFF52F00C1CD77 /* Sources */ = {
			isa = PBXSourcesBuildPhase;
			buildActionMask = 2147483647;
			files = (
				C2B2FFB91DEFF52F00C1CD77 /* FirstDemoTests.m in Sources */,
			);
			runOnlyForDeploymentPostprocessing = 0;
		};
/* End PBXSourcesBuildPhase section */

/* Begin PBXTargetDependency section */
		C2B2FFB61DEFF52F00C1CD77 /* PBXTargetDependency */ = {
			isa = PBXTargetDependency;
			target = C2B2FF9A1DEFF52F00C1CD77 /* FirstDemo */;
			targetProxy = C2B2FFB51DEFF52F00C1CD77 /* PBXContainerItemProxy */;
		};
/* End PBXTargetDependency section */

/* Begin PBXVariantGroup section */
		C2B2FFA71DEFF52F00C1CD77 /* Main.storyboard */ = {
			isa = PBXVariantGroup;
			children = (
				C2B2FFA81DEFF52F00C1CD77 /* Base */,
			);
			name = Main.storyboard;
			sourceTree = "<group>";
		};
		C2B2FFAC1DEFF52F00C1CD77 /* LaunchScreen.storyboard */ = {
			isa = PBXVariantGroup;
			children = (
				C2B2FFAD1DEFF52F00C1CD77 /* Base */,
			);
			name = LaunchScreen.storyboard;
			sourceTree = "<group>";
		};
/* End PBXVariantGroup section */

/* Begin XCBuildConfiguration section */
		C2B2FFBB1DEFF52F00C1CD77 /* Debug */ = {
			isa = XCBuildConfiguration;
			buildSettings = {
				ALWAYS_SEARCH_USER_PATHS = NO;
				CLANG_ANALYZER_NONNULL = YES;
				CLANG_CXX_LANGUAGE_STANDARD = "gnu++0x";
				CLANG_CXX_LIBRARY = "libc++";
				CLANG_ENABLE_MODULES = YES;
				CLANG_ENABLE_OBJC_ARC = YES;
				CLANG_WARN_BOOL_CONVERSION = YES;
				CLANG_WARN_CONSTANT_CONVERSION = YES;
				CLANG_WARN_DIRECT_OBJC_ISA_USAGE = YES_ERROR;
				CLANG_WARN_DOCUMENTATION_COMMENTS = YES;
				CLANG_WARN_EMPTY_BODY = YES;
				CLANG_WARN_ENUM_CONVERSION = YES;
				CLANG_WARN_INFINITE_RECURSION = YES;
				CLANG_WARN_INT_CONVERSION = YES;
				CLANG_WARN_OBJC_ROOT_CLASS = YES_ERROR;
				CLANG_WARN_SUSPICIOUS_MOVE = YES;
				CLANG_WARN_SUSPICIOUS_MOVES = YES;
				CLANG_WARN_UNREACHABLE_CODE = YES;
				CLANG_WARN__DUPLICATE_METHOD_MATCH = YES;
				"CODE_SIGN_IDENTITY[sdk=iphoneos*]" = "iPhone Developer";
				COPY_PHASE_STRIP = NO;
				DEBUG_INFORMATION_FORMAT = dwarf;
				ENABLE_STRICT_OBJC_MSGSEND = YES;
				ENABLE_TESTABILITY = YES;
				GCC_C_LANGUAGE_STANDARD = gnu99;
				GCC_DYNAMIC_NO_PIC = NO;
				GCC_NO_COMMON_BLOCKS = YES;
				GCC_OPTIMIZATION_LEVEL = 0;
				GCC_PREPROCESSOR_DEFINITIONS = (
					"DEBUG=1",
					"$(inherited)",
				);
				GCC_WARN_64_TO_32_BIT_CONVERSION = YES;
				GCC_WARN_ABOUT_RETURN_TYPE = YES_ERROR;
				GCC_WARN_UNDECLARED_SELECTOR = YES;
				GCC_WARN_UNINITIALIZED_AUTOS = YES_AGGRESSIVE;
				GCC_WARN_UNUSED_FUNCTION = YES;
				GCC_WARN_UNUSED_VARIABLE = YES;
				IPHONEOS_DEPLOYMENT_TARGET = 10.0;
				MTL_ENABLE_DEBUG_INFO = YES;
				ONLY_ACTIVE_ARCH = YES;
				SDKROOT = iphoneos;
				TARGETED_DEVICE_FAMILY = "1,2";
			};
			name = Debug;
		};
		C2B2FFBC1DEFF52F00C1CD77 /* Release */ = {
			isa = XCBuildConfiguration;
			buildSettings = {
				ALWAYS_SEARCH_USER_PATHS = NO;
				CLANG_ANALYZER_NONNULL = YES;
				CLANG_CXX_LANGUAGE_STANDARD = "gnu++0x";
				CLANG_CXX_LIBRARY = "libc++";
				CLANG_ENABLE_MODULES = YES;
				CLANG_ENABLE_OBJC_ARC = YES;
				CLANG_WARN_BOOL_CONVERSION = YES;
				CLANG_WARN_CONSTANT_CONVERSION = YES;
				CLANG_WARN_DIRECT_OBJC_ISA_USAGE = YES_ERROR;
				CLANG_WARN_DOCUMENTATION_COMMENTS = YES;
				CLANG_WARN_EMPTY_BODY = YES;
				CLANG_WARN_ENUM_CONVERSION = YES;
				CLANG_WARN_INFINITE_RECURSION = YES;
				CLANG_WARN_INT_CONVERSION = YES;
				CLANG_WARN_OBJC_ROOT_CLASS = YES_ERROR;
				CLANG_WARN_SUSPICIOUS_MOVE = YES;
				CLANG_WARN_SUSPICIOUS_MOVES = YES;
				CLANG_WARN_UNREACHABLE_CODE = YES;
				CLANG_WARN__DUPLICATE_METHOD_MATCH = YES;
				"CODE_SIGN_IDENTITY[sdk=iphoneos*]" = "iPhone Developer";
				COPY_PHASE_STRIP = NO;
				DEBUG_INFORMATION_FORMAT = "dwarf-with-dsym";
				ENABLE_NS_ASSERTIONS = NO;
				ENABLE_STRICT_OBJC_MSGSEND = YES;
				GCC_C_LANGUAGE_STANDARD = gnu99;
				GCC_NO_COMMON_BLOCKS = YES;
				GCC_WARN_64_TO_32_BIT_CONVERSION = YES;
				GCC_WARN_ABOUT_RETURN_TYPE = YES_ERROR;
				GCC_WARN_UNDECLARED_SELECTOR = YES;
				GCC_WARN_UNINITIALIZED_AUTOS = YES_AGGRESSIVE;
				GCC_WARN_UNUSED_FUNCTION = YES;
				GCC_WARN_UNUSED_VARIABLE = YES;
				IPHONEOS_DEPLOYMENT_TARGET = 10.0;
				MTL_ENABLE_DEBUG_INFO = NO;
				SDKROOT = iphoneos;
				TARGETED_DEVICE_FAMILY = "1,2";
				VALIDATE_PRODUCT = YES;
			};
			name = Release;
		};
		C2B2FFBE1DEFF52F00C1CD77 /* Debug */ = {
			isa = XCBuildConfiguration;
			buildSettings = {
				ALWAYS_SEARCH_USER_PATHS = NO;
				ASSETCATALOG_COMPILER_APPICON_NAME = AppIcon;
				CLANG_ALLOW_NON_MODULAR_INCLUDES_IN_FRAMEWORK_MODULES = NO;
				"CODE_SIGN_IDENTITY[sdk=iphoneos*]" = "iPhone Developer";
				DEVELOPMENT_TEAM = 6Q3X7AW5CU;
				FRAMEWORK_SEARCH_PATHS = (
					"$(inherited)",
					"$(PROJECT_DIR)/FirstDemo",
					"$(PROJECT_DIR)/FirstDemo/UMSocial/SocialLibraries/QQ",
					"$(PROJECT_DIR)/FirstDemo/UMSocial/UMSocialSDK",
					"$(PROJECT_DIR)/FirstDemo/UMSocial/UMSocialUI",
				);
				HEADER_SEARCH_PATHS = "";
				INFOPLIST_FILE = FirstDemo/Info.plist;
				IPHONEOS_DEPLOYMENT_TARGET = 8.0;
				LD_RUNPATH_SEARCH_PATHS = "$(inherited) @executable_path/Frameworks";
				LIBRARY_SEARCH_PATHS = (
					"$(inherited)",
					"$(PROJECT_DIR)/FirstDemo/UMSocial/SocialLibraries/Email",
					"$(PROJECT_DIR)/FirstDemo/UMSocial/SocialLibraries/QQ",
					"$(PROJECT_DIR)/FirstDemo/UMSocial/SocialLibraries/Sina",
					"$(PROJECT_DIR)/FirstDemo/UMSocial/SocialLibraries/SMS",
					"$(PROJECT_DIR)/FirstDemo/UMSocial/SocialLibraries/WeChat",
				);
				OTHER_LDFLAGS = "-ObjC";
				PRODUCT_BUNDLE_IDENTIFIER = sss.FirstDemo;
				PRODUCT_NAME = "$(TARGET_NAME)";
				SDKROOT = iphoneos;
				TARGETED_DEVICE_FAMILY = 1;
			};
			name = Debug;
		};
		C2B2FFBF1DEFF52F00C1CD77 /* Release */ = {
			isa = XCBuildConfiguration;
			buildSettings = {
				ALWAYS_SEARCH_USER_PATHS = NO;
				ASSETCATALOG_COMPILER_APPICON_NAME = AppIcon;
				CLANG_ALLOW_NON_MODULAR_INCLUDES_IN_FRAMEWORK_MODULES = NO;
				"CODE_SIGN_IDENTITY[sdk=iphoneos*]" = "iPhone Developer";
				DEVELOPMENT_TEAM = 6Q3X7AW5CU;
				FRAMEWORK_SEARCH_PATHS = (
					"$(inherited)",
					"$(PROJECT_DIR)/FirstDemo",
					"$(PROJECT_DIR)/FirstDemo/UMSocial/SocialLibraries/QQ",
					"$(PROJECT_DIR)/FirstDemo/UMSocial/UMSocialSDK",
					"$(PROJECT_DIR)/FirstDemo/UMSocial/UMSocialUI",
				);
				HEADER_SEARCH_PATHS = "";
				INFOPLIST_FILE = FirstDemo/Info.plist;
				IPHONEOS_DEPLOYMENT_TARGET = 8.0;
				LD_RUNPATH_SEARCH_PATHS = "$(inherited) @executable_path/Frameworks";
				LIBRARY_SEARCH_PATHS = (
					"$(inherited)",
					"$(PROJECT_DIR)/FirstDemo/UMSocial/SocialLibraries/Email",
					"$(PROJECT_DIR)/FirstDemo/UMSocial/SocialLibraries/QQ",
					"$(PROJECT_DIR)/FirstDemo/UMSocial/SocialLibraries/Sina",
					"$(PROJECT_DIR)/FirstDemo/UMSocial/SocialLibraries/SMS",
					"$(PROJECT_DIR)/FirstDemo/UMSocial/SocialLibraries/WeChat",
				);
				OTHER_LDFLAGS = "-ObjC";
				PRODUCT_BUNDLE_IDENTIFIER = sss.FirstDemo;
				PRODUCT_NAME = "$(TARGET_NAME)";
				SDKROOT = iphoneos;
				TARGETED_DEVICE_FAMILY = 1;
			};
			name = Release;
		};
		C2B2FFC11DEFF52F00C1CD77 /* Debug */ = {
			isa = XCBuildConfiguration;
			buildSettings = {
				BUNDLE_LOADER = "$(TEST_HOST)";
				INFOPLIST_FILE = FirstDemoTests/Info.plist;
				LD_RUNPATH_SEARCH_PATHS = "$(inherited) @executable_path/Frameworks @loader_path/Frameworks";
				PRODUCT_BUNDLE_IDENTIFIER = sss.FirstDemoTests;
				PRODUCT_NAME = "$(TARGET_NAME)";
				TEST_HOST = "$(BUILT_PRODUCTS_DIR)/FirstDemo.app/FirstDemo";
			};
			name = Debug;
		};
		C2B2FFC21DEFF52F00C1CD77 /* Release */ = {
			isa = XCBuildConfiguration;
			buildSettings = {
				BUNDLE_LOADER = "$(TEST_HOST)";
				INFOPLIST_FILE = FirstDemoTests/Info.plist;
				LD_RUNPATH_SEARCH_PATHS = "$(inherited) @executable_path/Frameworks @loader_path/Frameworks";
				PRODUCT_BUNDLE_IDENTIFIER = sss.FirstDemoTests;
				PRODUCT_NAME = "$(TARGET_NAME)";
				TEST_HOST = "$(BUILT_PRODUCTS_DIR)/FirstDemo.app/FirstDemo";
			};
			name = Release;
		};
/* End XCBuildConfiguration section */

/* Begin XCConfigurationList section */
		C2B2FF961DEFF52F00C1CD77 /* Build configuration list for PBXProject "FirstDemo" */ = {
			isa = XCConfigurationList;
			buildConfigurations = (
				C2B2FFBB1DEFF52F00C1CD77 /* Debug */,
				C2B2FFBC1DEFF52F00C1CD77 /* Release */,
			);
			defaultConfigurationIsVisible = 0;
			defaultConfigurationName = Release;
		};
		C2B2FFBD1DEFF52F00C1CD77 /* Build configuration list for PBXNativeTarget "FirstDemo" */ = {
			isa = XCConfigurationList;
			buildConfigurations = (
				C2B2FFBE1DEFF52F00C1CD77 /* Debug */,
				C2B2FFBF1DEFF52F00C1CD77 /* Release */,
			);
			defaultConfigurationIsVisible = 0;
			defaultConfigurationName = Release;
		};
		C2B2FFC01DEFF52F00C1CD77 /* Build configuration list for PBXNativeTarget "FirstDemoTests" */ = {
			isa = XCConfigurationList;
			buildConfigurations = (
				C2B2FFC11DEFF52F00C1CD77 /* Debug */,
				C2B2FFC21DEFF52F00C1CD77 /* Release */,
			);
			defaultConfigurationIsVisible = 0;
			defaultConfigurationName = Release;
		};
/* End XCConfigurationList section */
	};
	rootObject = C2B2FF931DEFF52F00C1CD77 /* Project object */;
}
